// !$*UTF8*$!
{
	archiveVersion = 1;
	classes = {
	};
	objectVersion = 46;
	objects = {

/* Begin PBXBuildFile section */
		7003E7E9175115EF00214D6A /* RAMInfo.m in Sources */ = {isa = PBXBuildFile; fileRef = 70ECE2731750558100B1402A /* RAMInfo.m */; };
		7003E7EB1751178700214D6A /* SystemConfiguration.framework in Frameworks */ = {isa = PBXBuildFile; fileRef = 7003E7EA1751178700214D6A /* SystemConfiguration.framework */; };
		7003E82717513CFA00214D6A /* libLumberjack.a in Frameworks */ = {isa = PBXBuildFile; fileRef = 7003E82617513CFA00214D6A /* libLumberjack.a */; };
		7003E82817513D0800214D6A /* libLumberjack.a in Frameworks */ = {isa = PBXBuildFile; fileRef = 7003E82617513CFA00214D6A /* libLumberjack.a */; };
		700FDC05174E1C8D000D6848 /* RAMUsage.m in Sources */ = {isa = PBXBuildFile; fileRef = 700FDC04174E1C8D000D6848 /* RAMUsage.m */; };
		700FDC09174E3E54000D6848 /* NetworkInfoController.m in Sources */ = {isa = PBXBuildFile; fileRef = 700FDC08174E3E54000D6848 /* NetworkInfoController.m */; };
		700FDC0C174E3E61000D6848 /* NetworkInfo.m in Sources */ = {isa = PBXBuildFile; fileRef = 700FDC0B174E3E61000D6848 /* NetworkInfo.m */; };
		700FDC10174E5D94000D6848 /* NetworkViewController.m in Sources */ = {isa = PBXBuildFile; fileRef = 700FDC0F174E5D94000D6848 /* NetworkViewController.m */; };
		700FDC1B174E7250000D6848 /* NetworkBandwidth.m in Sources */ = {isa = PBXBuildFile; fileRef = 700FDC1A174E7250000D6848 /* NetworkBandwidth.m */; };
		701190D4174D046F00B5D8B1 /* RootCellFollowing-dark-88@2x.png in Resources */ = {isa = PBXBuildFile; fileRef = 701190D2174D046F00B5D8B1 /* RootCellFollowing-dark-88@2x.png */; };
		701190D5174D046F00B5D8B1 /* RootCellTop-dark-88@2x.png in Resources */ = {isa = PBXBuildFile; fileRef = 701190D3174D046F00B5D8B1 /* RootCellTop-dark-88@2x.png */; };
		701190D8174D063300B5D8B1 /* DefaultCell.m in Sources */ = {isa = PBXBuildFile; fileRef = 701190D7174D063300B5D8B1 /* DefaultCell.m */; };
		701190DA174D09A900B5D8B1 /* DefaultCell@2x.png in Resources */ = {isa = PBXBuildFile; fileRef = 701190D9174D09A900B5D8B1 /* DefaultCell@2x.png */; };
		701190DF174D0F6200B5D8B1 /* ProcessCell.m in Sources */ = {isa = PBXBuildFile; fileRef = 701190DE174D0F6100B5D8B1 /* ProcessCell.m */; };
		701190E5174D12C100B5D8B1 /* ProcessCell@2x.png in Resources */ = {isa = PBXBuildFile; fileRef = 701190E4174D12C100B5D8B1 /* ProcessCell@2x.png */; };
		701190EA174D194400B5D8B1 /* ProcessTopView.m in Sources */ = {isa = PBXBuildFile; fileRef = 701190E9174D194400B5D8B1 /* ProcessTopView.m */; };
		701190F2174D1C5200B5D8B1 /* SettingsIcon@2x.png in Resources */ = {isa = PBXBuildFile; fileRef = 701190F1174D1C5100B5D8B1 /* SettingsIcon@2x.png */; };
		701190F6174D21DB00B5D8B1 /* FilterButton@2x.png in Resources */ = {isa = PBXBuildFile; fileRef = 701190F5174D21DB00B5D8B1 /* FilterButton@2x.png */; };
		701190F8174D246800B5D8B1 /* ProcessTopView.xib in Resources */ = {isa = PBXBuildFile; fileRef = 701190F7174D246800B5D8B1 /* ProcessTopView.xib */; };
		701190FB174D2F2000B5D8B1 /* ProcessSortViewController.m in Sources */ = {isa = PBXBuildFile; fileRef = 701190FA174D2F2000B5D8B1 /* ProcessSortViewController.m */; };
		70119102174D7DA600B5D8B1 /* RootCell.m in Sources */ = {isa = PBXBuildFile; fileRef = 70119101174D7DA600B5D8B1 /* RootCell.m */; };
		70340CA51752758F001C1F1A /* TubeTexture-retina.png in Resources */ = {isa = PBXBuildFile; fileRef = 70340CA41752758F001C1F1A /* TubeTexture-retina.png */; };
		70340CAD17527DB1001C1F1A /* TubeBackground-nonretina@2x.png in Resources */ = {isa = PBXBuildFile; fileRef = 70340CAC17527DB1001C1F1A /* TubeBackground-nonretina@2x.png */; };
		70340CB517527FB7001C1F1A /* TubeBackground-retina@2x.png in Resources */ = {isa = PBXBuildFile; fileRef = 70340CB417527FB6001C1F1A /* TubeBackground-retina@2x.png */; };
		70340CB81752A810001C1F1A /* ActiveConnection.m in Sources */ = {isa = PBXBuildFile; fileRef = 70340CB71752A810001C1F1A /* ActiveConnection.m */; };
		703D22DC173818EC0001E3B3 /* UIKit.framework in Frameworks */ = {isa = PBXBuildFile; fileRef = 703D22DB173818EC0001E3B3 /* UIKit.framework */; };
		703D22DE173818EC0001E3B3 /* Foundation.framework in Frameworks */ = {isa = PBXBuildFile; fileRef = 703D22DD173818EC0001E3B3 /* Foundation.framework */; };
		703D22E0173818EC0001E3B3 /* CoreGraphics.framework in Frameworks */ = {isa = PBXBuildFile; fileRef = 703D22DF173818EC0001E3B3 /* CoreGraphics.framework */; };
		703D22E6173818EC0001E3B3 /* InfoPlist.strings in Resources */ = {isa = PBXBuildFile; fileRef = 703D22E4173818EC0001E3B3 /* InfoPlist.strings */; };
		703D22E8173818EC0001E3B3 /* main.m in Sources */ = {isa = PBXBuildFile; fileRef = 703D22E7173818EC0001E3B3 /* main.m */; };
		703D22EC173818EC0001E3B3 /* AppDelegate.m in Sources */ = {isa = PBXBuildFile; fileRef = 703D22EB173818EC0001E3B3 /* AppDelegate.m */; };
		703D22EE173818EC0001E3B3 /* Default.png in Resources */ = {isa = PBXBuildFile; fileRef = 703D22ED173818EC0001E3B3 /* Default.png */; };
		703D22F0173818EC0001E3B3 /* Default@2x.png in Resources */ = {isa = PBXBuildFile; fileRef = 703D22EF173818EC0001E3B3 /* Default@2x.png */; };
		703D22F2173818EC0001E3B3 /* Default-568h@2x.png in Resources */ = {isa = PBXBuildFile; fileRef = 703D22F1173818EC0001E3B3 /* Default-568h@2x.png */; };
		703D22F5173818EC0001E3B3 /* MainStoryboard_iPhone.storyboard in Resources */ = {isa = PBXBuildFile; fileRef = 703D22F3173818EC0001E3B3 /* MainStoryboard_iPhone.storyboard */; };
		703D22F8173818EC0001E3B3 /* MainStoryboard_iPad.storyboard in Resources */ = {isa = PBXBuildFile; fileRef = 703D22F6173818EC0001E3B3 /* MainStoryboard_iPad.storyboard */; };
		703D230E173818EC0001E3B3 /* SenTestingKit.framework in Frameworks */ = {isa = PBXBuildFile; fileRef = 703D230D173818EC0001E3B3 /* SenTestingKit.framework */; };
		703D230F173818EC0001E3B3 /* UIKit.framework in Frameworks */ = {isa = PBXBuildFile; fileRef = 703D22DB173818EC0001E3B3 /* UIKit.framework */; };
		703D2310173818EC0001E3B3 /* Foundation.framework in Frameworks */ = {isa = PBXBuildFile; fileRef = 703D22DD173818EC0001E3B3 /* Foundation.framework */; };
		703D2318173818EC0001E3B3 /* InfoPlist.strings in Resources */ = {isa = PBXBuildFile; fileRef = 703D2316173818EC0001E3B3 /* InfoPlist.strings */; };
		704528AC174EAD44003DD424 /* GLTube.m in Sources */ = {isa = PBXBuildFile; fileRef = 704528AB174EAD44003DD424 /* GLTube.m */; };
		704528BB174ED3A7003DD424 /* StorageViewController.m in Sources */ = {isa = PBXBuildFile; fileRef = 704528BA174ED3A7003DD424 /* StorageViewController.m */; };
		70681B881750E70C0095547F /* BubbleTexture-nonretina.png in Resources */ = {isa = PBXBuildFile; fileRef = 70681B871750E70C0095547F /* BubbleTexture-nonretina.png */; };
		706F717E174D8C6100E5842C /* RAMInfoController.m in Sources */ = {isa = PBXBuildFile; fileRef = 706F717D174D8C6100E5842C /* RAMInfoController.m */; };
		706F7184174D96E000E5842C /* RAMViewController.m in Sources */ = {isa = PBXBuildFile; fileRef = 706F7183174D96E000E5842C /* RAMViewController.m */; };
		70AF61321739250800EF49E9 /* CPUInfo.m in Sources */ = {isa = PBXBuildFile; fileRef = 70AF61311739250800EF49E9 /* CPUInfo.m */; };
		70AF61351739255700EF49E9 /* CPUInfoController.m in Sources */ = {isa = PBXBuildFile; fileRef = 70AF61341739255700EF49E9 /* CPUInfoController.m */; };
		70AF613A17392CE600EF49E9 /* AMUtils.m in Sources */ = {isa = PBXBuildFile; fileRef = 70AF613917392CE600EF49E9 /* AMUtils.m */; };
		70AF613D173965D500EF49E9 /* RootTableViewController.m in Sources */ = {isa = PBXBuildFile; fileRef = 70AF613C173965D500EF49E9 /* RootTableViewController.m */; };
		70C150B817536FFE009BEB11 /* ConnectionViewController.m in Sources */ = {isa = PBXBuildFile; fileRef = 70C150B717536FFE009BEB11 /* ConnectionViewController.m */; };
		70C150BA17537380009BEB11 /* ConnectionCell@2x.png in Resources */ = {isa = PBXBuildFile; fileRef = 70C150B917537380009BEB11 /* ConnectionCell@2x.png */; };
		70C150BD1753739A009BEB11 /* ConnectionCell.m in Sources */ = {isa = PBXBuildFile; fileRef = 70C150BC1753739A009BEB11 /* ConnectionCell.m */; };
		70C150C117537760009BEB11 /* GreenCircle@2x.png in Resources */ = {isa = PBXBuildFile; fileRef = 70C150BE17537760009BEB11 /* GreenCircle@2x.png */; };
		70C150C217537760009BEB11 /* OrangeCircle@2x.png in Resources */ = {isa = PBXBuildFile; fileRef = 70C150BF17537760009BEB11 /* OrangeCircle@2x.png */; };
		70C150C317537760009BEB11 /* RedCircle@2x.png in Resources */ = {isa = PBXBuildFile; fileRef = 70C150C017537760009BEB11 /* RedCircle@2x.png */; };
		70C150C71753B770009BEB11 /* ConnectionSectionView.xib in Resources */ = {isa = PBXBuildFile; fileRef = 70C150C61753B770009BEB11 /* ConnectionSectionView.xib */; };
		70C150CA1753B7D0009BEB11 /* ConnectionSectionView.m in Sources */ = {isa = PBXBuildFile; fileRef = 70C150C91753B7D0009BEB11 /* ConnectionSectionView.m */; };
		70C150D81753DD74009BEB11 /* ConnectionsSectionBackground-60@2x.png in Resources */ = {isa = PBXBuildFile; fileRef = 70C150D71753DD74009BEB11 /* ConnectionsSectionBackground-60@2x.png */; };
		70C2E9231739BAA8008CB1B1 /* AMUtils_Tests.m in Sources */ = {isa = PBXBuildFile; fileRef = 70C2E9221739BAA8008CB1B1 /* AMUtils_Tests.m */; };
		70C2E9261739C7B7008CB1B1 /* GeneralViewController.m in Sources */ = {isa = PBXBuildFile; fileRef = 70C2E9251739C7B6008CB1B1 /* GeneralViewController.m */; };
		70C2E9291739C8D2008CB1B1 /* AMDevice.m in Sources */ = {isa = PBXBuildFile; fileRef = 70C2E9281739C8D2008CB1B1 /* AMDevice.m */; };
		70CD01BC1739AB870047E72F /* HardcodedDeviceData.m in Sources */ = {isa = PBXBuildFile; fileRef = 70CD01BB1739AB870047E72F /* HardcodedDeviceData.m */; };
		70D8F457174CEAE6003824E2 /* LineGraphBackground-464@2x.png in Resources */ = {isa = PBXBuildFile; fileRef = 70D8F456174CEAE6003824E2 /* LineGraphBackground-464@2x.png */; };
		70D8F45D174CF1E9003824E2 /* Background-1496@2x.png in Resources */ = {isa = PBXBuildFile; fileRef = 70D8F45C174CF1E9003824E2 /* Background-1496@2x.png */; };
		70D92D5B173AA91300C57DEA /* CPULoad.m in Sources */ = {isa = PBXBuildFile; fileRef = 70D92D5A173AA91300C57DEA /* CPULoad.m */; };
		70D92D61173B299B00C57DEA /* GPUInfoController.m in Sources */ = {isa = PBXBuildFile; fileRef = 70D92D60173B299B00C57DEA /* GPUInfoController.m */; };
		70D92D64173B29AE00C57DEA /* GPUViewController.m in Sources */ = {isa = PBXBuildFile; fileRef = 70D92D63173B29AE00C57DEA /* GPUViewController.m */; };
		70D92D67173B2B4D00C57DEA /* GPUInfo.m in Sources */ = {isa = PBXBuildFile; fileRef = 70D92D66173B2B4D00C57DEA /* GPUInfo.m */; };
		70D92D69173B302600C57DEA /* GLKit.framework in Frameworks */ = {isa = PBXBuildFile; fileRef = 70D92D68173B302600C57DEA /* GLKit.framework */; };
		70D92D6B173B308200C57DEA /* OpenGLES.framework in Frameworks */ = {isa = PBXBuildFile; fileRef = 70D92D6A173B308100C57DEA /* OpenGLES.framework */; };
		70E19A43174B718900A411C8 /* GLDataLine.m in Sources */ = {isa = PBXBuildFile; fileRef = 70E19A42174B718900A411C8 /* GLDataLine.m */; };
		70E19A46174B790400A411C8 /* GLCommon.m in Sources */ = {isa = PBXBuildFile; fileRef = 70E19A45174B790400A411C8 /* GLCommon.m */; };
		70E19A4A174BBBA400A411C8 /* ProcessInfoController.m in Sources */ = {isa = PBXBuildFile; fileRef = 70E19A49174BBBA400A411C8 /* ProcessInfoController.m */; };
		70E19A4D174BBBB600A411C8 /* ProcessInfo.m in Sources */ = {isa = PBXBuildFile; fileRef = 70E19A4C174BBBB600A411C8 /* ProcessInfo.m */; };
		70E19A53174C0FA500A411C8 /* ProcessViewController.m in Sources */ = {isa = PBXBuildFile; fileRef = 70E19A52174C0FA400A411C8 /* ProcessViewController.m */; };
		70E19A59174C260300A411C8 /* Background-748@2x.png in Resources */ = {isa = PBXBuildFile; fileRef = 70E19A58174C260300A411C8 /* Background-748@2x.png */; };
		70E19A5D174C289A00A411C8 /* Background-Left-748@2x.png in Resources */ = {isa = PBXBuildFile; fileRef = 70E19A5C174C289A00A411C8 /* Background-Left-748@2x.png */; };
		70E437101752526F00ED3876 /* DeviceSpecificUI.m in Sources */ = {isa = PBXBuildFile; fileRef = 70E4370F1752526F00ED3876 /* DeviceSpecificUI.m */; };
		70E4371417526E0200ED3876 /* TubeTexture-nonretina.png in Resources */ = {isa = PBXBuildFile; fileRef = 70E4371317526E0200ED3876 /* TubeTexture-nonretina.png */; };
		70E4371C175270F100ED3876 /* BubbleTexture-retina.png in Resources */ = {isa = PBXBuildFile; fileRef = 70E4371B175270F100ED3876 /* BubbleTexture-retina.png */; };
		70ECE27C175058C300B1402A /* GLBubbleEffect.m in Sources */ = {isa = PBXBuildFile; fileRef = 70ECE27B175058C300B1402A /* GLBubbleEffect.m */; };
		70ECE27F1750596C00B1402A /* GLEffect.m in Sources */ = {isa = PBXBuildFile; fileRef = 70ECE27E1750596C00B1402A /* GLEffect.m */; };
		70ECE28217508E4900B1402A /* GLBubbleEffect.vsh in Resources */ = {isa = PBXBuildFile; fileRef = 70ECE276175058A500B1402A /* GLBubbleEffect.vsh */; };
		70ECE28317508E4900B1402A /* GLBubbleEffect.fsh in Resources */ = {isa = PBXBuildFile; fileRef = 70ECE278175058B200B1402A /* GLBubbleEffect.fsh */; };
		70F1F16D1739712D007224AD /* CPUViewController.m in Sources */ = {isa = PBXBuildFile; fileRef = 70F1F16C1739712C007224AD /* CPUViewController.m */; };
		70F1F17117397CEC007224AD /* DeviceInfo.m in Sources */ = {isa = PBXBuildFile; fileRef = 70F1F17017397CEC007224AD /* DeviceInfo.m */; };
		70F1F17417397CFE007224AD /* DeviceInfoController.m in Sources */ = {isa = PBXBuildFile; fileRef = 70F1F17317397CFE007224AD /* DeviceInfoController.m */; };
		70F4D7D8173D147F007E58E2 /* CPULoadFilter.m in Sources */ = {isa = PBXBuildFile; fileRef = 70F4D7D7173D147F007E58E2 /* CPULoadFilter.m */; };
		70F932971754A65600CF22D0 /* GpuIcon-highlight.png in Resources */ = {isa = PBXBuildFile; fileRef = 70F932951754A65600CF22D0 /* GpuIcon-highlight.png */; };
		70F932981754A65600CF22D0 /* GpuIcon-normal.png in Resources */ = {isa = PBXBuildFile; fileRef = 70F932961754A65600CF22D0 /* GpuIcon-normal.png */; };
		70F932A01754A83000CF22D0 /* NetworkIcon-normal.png in Resources */ = {isa = PBXBuildFile; fileRef = 70F9329E1754A83000CF22D0 /* NetworkIcon-normal.png */; };
		70F932A31754A9D600CF22D0 /* ConnectionsIcon-highlight.png in Resources */ = {isa = PBXBuildFile; fileRef = 70F932A11754A9D600CF22D0 /* ConnectionsIcon-highlight.png */; };
		70F932A41754A9D600CF22D0 /* ConnectionsIcon-normal.png in Resources */ = {isa = PBXBuildFile; fileRef = 70F932A21754A9D600CF22D0 /* ConnectionsIcon-normal.png */; };
		70F932A61754A9DC00CF22D0 /* NetworkIcon-highlight.png in Resources */ = {isa = PBXBuildFile; fileRef = 70F932A51754A9DC00CF22D0 /* NetworkIcon-highlight.png */; };
		70F932A91754ABE100CF22D0 /* RamIcon-highlight.png in Resources */ = {isa = PBXBuildFile; fileRef = 70F932A71754ABE100CF22D0 /* RamIcon-highlight.png */; };
		70F932AA1754ABE100CF22D0 /* RamIcon-normal.png in Resources */ = {isa = PBXBuildFile; fileRef = 70F932A81754ABE100CF22D0 /* RamIcon-normal.png */; };
		70F932AD1754ADEA00CF22D0 /* StorageIcon-highlight.png in Resources */ = {isa = PBXBuildFile; fileRef = 70F932AB1754ADEA00CF22D0 /* StorageIcon-highlight.png */; };
		70F932AE1754ADEA00CF22D0 /* StorageIcon-normal.png in Resources */ = {isa = PBXBuildFile; fileRef = 70F932AC1754ADEA00CF22D0 /* StorageIcon-normal.png */; };
		70F932B71754B06E00CF22D0 /* BatteryIcon-highlight.png in Resources */ = {isa = PBXBuildFile; fileRef = 70F932B51754B06E00CF22D0 /* BatteryIcon-highlight.png */; };
		70F932B81754B06E00CF22D0 /* BatteryIcon-normal.png in Resources */ = {isa = PBXBuildFile; fileRef = 70F932B61754B06E00CF22D0 /* BatteryIcon-normal.png */; };
		70F932BB1754B16700CF22D0 /* GeneralIcon-highlight.png in Resources */ = {isa = PBXBuildFile; fileRef = 70F932B91754B16600CF22D0 /* GeneralIcon-highlight.png */; };
		70F932BC1754B16700CF22D0 /* GeneralIcon-normal.png in Resources */ = {isa = PBXBuildFile; fileRef = 70F932BA1754B16700CF22D0 /* GeneralIcon-normal.png */; };
		70F932C71754B69100CF22D0 /* CpuIcon-highlight.png in Resources */ = {isa = PBXBuildFile; fileRef = 70F932C51754B69100CF22D0 /* CpuIcon-highlight.png */; };
		70F932C81754B69100CF22D0 /* CpuIcon-normal.png in Resources */ = {isa = PBXBuildFile; fileRef = 70F932C61754B69100CF22D0 /* CpuIcon-normal.png */; };
		70F932CB1754B8C400CF22D0 /* ProcessesIcon-highlight.png in Resources */ = {isa = PBXBuildFile; fileRef = 70F932C91754B8C400CF22D0 /* ProcessesIcon-highlight.png */; };
		70F932CC1754B8C400CF22D0 /* ProcessesIcon-normal.png in Resources */ = {isa = PBXBuildFile; fileRef = 70F932CA1754B8C400CF22D0 /* ProcessesIcon-normal.png */; };
		70FC38E4174F48590085EBC3 /* StorageInfoController.m in Sources */ = {isa = PBXBuildFile; fileRef = 70FC38E3174F48590085EBC3 /* StorageInfoController.m */; };
		70FC38E7174F48680085EBC3 /* StorageInfo.m in Sources */ = {isa = PBXBuildFile; fileRef = 70FC38E6174F48680085EBC3 /* StorageInfo.m */; };
		70FC38E9174F4F380085EBC3 /* MediaPlayer.framework in Frameworks */ = {isa = PBXBuildFile; fileRef = 70FC38E8174F4F380085EBC3 /* MediaPlayer.framework */; };
		70FC38EB174F51870085EBC3 /* AssetsLibrary.framework in Frameworks */ = {isa = PBXBuildFile; fileRef = 70FC38EA174F51870085EBC3 /* AssetsLibrary.framework */; };
		70FC38ED174F73F80085EBC3 /* CoreMedia.framework in Frameworks */ = {isa = PBXBuildFile; fileRef = 70FC38EC174F73F80085EBC3 /* CoreMedia.framework */; };
		70FC38EF174F74410085EBC3 /* AVFoundation.framework in Frameworks */ = {isa = PBXBuildFile; fileRef = 70FC38EE174F74400085EBC3 /* AVFoundation.framework */; };
		70FC38F3174F79E00085EBC3 /* BatteryInfoController.m in Sources */ = {isa = PBXBuildFile; fileRef = 70FC38F2174F79E00085EBC3 /* BatteryInfoController.m */; };
		70FC38F6174F79F00085EBC3 /* BatteryInfo.m in Sources */ = {isa = PBXBuildFile; fileRef = 70FC38F5174F79F00085EBC3 /* BatteryInfo.m */; };
		70FC38FA174F83530085EBC3 /* BatteryViewController.m in Sources */ = {isa = PBXBuildFile; fileRef = 70FC38F9174F83530085EBC3 /* BatteryViewController.m */; };
		70FE9F11173BC5830056B891 /* GLLineGraph.m in Sources */ = {isa = PBXBuildFile; fileRef = 70FE9F10173BC5830056B891 /* GLLineGraph.m */; };
/* End PBXBuildFile section */

/* Begin PBXContainerItemProxy section */
		703D2311173818EC0001E3B3 /* PBXContainerItemProxy */ = {
			isa = PBXContainerItemProxy;
			containerPortal = 703D22D0173818EB0001E3B3 /* Project object */;
			proxyType = 1;
			remoteGlobalIDString = 703D22D7173818EC0001E3B3;
			remoteInfo = "ActivityMonitor++";
		};
/* End PBXContainerItemProxy section */

/* Begin PBXFileReference section */
		7003E7EA1751178700214D6A /* SystemConfiguration.framework */ = {isa = PBXFileReference; lastKnownFileType = wrapper.framework; name = SystemConfiguration.framework; path = System/Library/Frameworks/SystemConfiguration.framework; sourceTree = SDKROOT; };
		7003E81F17513C2000214D6A /* DDLog.h */ = {isa = PBXFileReference; fileEncoding = 4; lastKnownFileType = sourcecode.c.h; path = DDLog.h; sourceTree = "<group>"; };
		7003E82217513C9500214D6A /* DDASLLogger.h */ = {isa = PBXFileReference; fileEncoding = 4; lastKnownFileType = sourcecode.c.h; path = DDASLLogger.h; sourceTree = "<group>"; };
		7003E82317513C9500214D6A /* DDFileLogger.h */ = {isa = PBXFileReference; fileEncoding = 4; lastKnownFileType = sourcecode.c.h; path = DDFileLogger.h; sourceTree = "<group>"; };
		7003E82417513C9500214D6A /* DDTTYLogger.h */ = {isa = PBXFileReference; fileEncoding = 4; lastKnownFileType = sourcecode.c.h; path = DDTTYLogger.h; sourceTree = "<group>"; };
		7003E82617513CFA00214D6A /* libLumberjack.a */ = {isa = PBXFileReference; lastKnownFileType = archive.ar; path = libLumberjack.a; sourceTree = "<group>"; };
		700FDC03174E1C8D000D6848 /* RAMUsage.h */ = {isa = PBXFileReference; fileEncoding = 4; lastKnownFileType = sourcecode.c.h; path = RAMUsage.h; sourceTree = "<group>"; };
		700FDC04174E1C8D000D6848 /* RAMUsage.m */ = {isa = PBXFileReference; fileEncoding = 4; lastKnownFileType = sourcecode.c.objc; path = RAMUsage.m; sourceTree = "<group>"; };
		700FDC07174E3E54000D6848 /* NetworkInfoController.h */ = {isa = PBXFileReference; fileEncoding = 4; lastKnownFileType = sourcecode.c.h; path = NetworkInfoController.h; sourceTree = "<group>"; };
		700FDC08174E3E54000D6848 /* NetworkInfoController.m */ = {isa = PBXFileReference; fileEncoding = 4; lastKnownFileType = sourcecode.c.objc; path = NetworkInfoController.m; sourceTree = "<group>"; };
		700FDC0A174E3E61000D6848 /* NetworkInfo.h */ = {isa = PBXFileReference; fileEncoding = 4; lastKnownFileType = sourcecode.c.h; path = NetworkInfo.h; sourceTree = "<group>"; };
		700FDC0B174E3E61000D6848 /* NetworkInfo.m */ = {isa = PBXFileReference; fileEncoding = 4; lastKnownFileType = sourcecode.c.objc; path = NetworkInfo.m; sourceTree = "<group>"; };
		700FDC0E174E5D94000D6848 /* NetworkViewController.h */ = {isa = PBXFileReference; fileEncoding = 4; lastKnownFileType = sourcecode.c.h; path = NetworkViewController.h; sourceTree = "<group>"; };
		700FDC0F174E5D94000D6848 /* NetworkViewController.m */ = {isa = PBXFileReference; fileEncoding = 4; lastKnownFileType = sourcecode.c.objc; path = NetworkViewController.m; sourceTree = "<group>"; };
		700FDC19174E7250000D6848 /* NetworkBandwidth.h */ = {isa = PBXFileReference; fileEncoding = 4; lastKnownFileType = sourcecode.c.h; path = NetworkBandwidth.h; sourceTree = "<group>"; };
		700FDC1A174E7250000D6848 /* NetworkBandwidth.m */ = {isa = PBXFileReference; fileEncoding = 4; lastKnownFileType = sourcecode.c.objc; path = NetworkBandwidth.m; sourceTree = "<group>"; };
		701190D2174D046F00B5D8B1 /* RootCellFollowing-dark-88@2x.png */ = {isa = PBXFileReference; lastKnownFileType = image.png; path = "RootCellFollowing-dark-88@2x.png"; sourceTree = "<group>"; };
		701190D3174D046F00B5D8B1 /* RootCellTop-dark-88@2x.png */ = {isa = PBXFileReference; lastKnownFileType = image.png; path = "RootCellTop-dark-88@2x.png"; sourceTree = "<group>"; };
		701190D6174D063300B5D8B1 /* DefaultCell.h */ = {isa = PBXFileReference; fileEncoding = 4; lastKnownFileType = sourcecode.c.h; path = DefaultCell.h; sourceTree = "<group>"; };
		701190D7174D063300B5D8B1 /* DefaultCell.m */ = {isa = PBXFileReference; fileEncoding = 4; lastKnownFileType = sourcecode.c.objc; path = DefaultCell.m; sourceTree = "<group>"; };
		701190D9174D09A900B5D8B1 /* DefaultCell@2x.png */ = {isa = PBXFileReference; lastKnownFileType = image.png; path = "DefaultCell@2x.png"; sourceTree = "<group>"; };
		701190DD174D0F6100B5D8B1 /* ProcessCell.h */ = {isa = PBXFileReference; fileEncoding = 4; lastKnownFileType = sourcecode.c.h; path = ProcessCell.h; sourceTree = "<group>"; };
		701190DE174D0F6100B5D8B1 /* ProcessCell.m */ = {isa = PBXFileReference; fileEncoding = 4; lastKnownFileType = sourcecode.c.objc; path = ProcessCell.m; sourceTree = "<group>"; };
		701190E4174D12C100B5D8B1 /* ProcessCell@2x.png */ = {isa = PBXFileReference; lastKnownFileType = image.png; path = "ProcessCell@2x.png"; sourceTree = "<group>"; };
		701190E8174D194400B5D8B1 /* ProcessTopView.h */ = {isa = PBXFileReference; fileEncoding = 4; lastKnownFileType = sourcecode.c.h; path = ProcessTopView.h; sourceTree = "<group>"; };
		701190E9174D194400B5D8B1 /* ProcessTopView.m */ = {isa = PBXFileReference; fileEncoding = 4; lastKnownFileType = sourcecode.c.objc; path = ProcessTopView.m; sourceTree = "<group>"; };
		701190F1174D1C5100B5D8B1 /* SettingsIcon@2x.png */ = {isa = PBXFileReference; lastKnownFileType = image.png; path = "SettingsIcon@2x.png"; sourceTree = "<group>"; };
		701190F5174D21DB00B5D8B1 /* FilterButton@2x.png */ = {isa = PBXFileReference; lastKnownFileType = image.png; path = "FilterButton@2x.png"; sourceTree = "<group>"; };
		701190F7174D246800B5D8B1 /* ProcessTopView.xib */ = {isa = PBXFileReference; fileEncoding = 4; lastKnownFileType = file.xib; path = ProcessTopView.xib; sourceTree = "<group>"; };
		701190F9174D2F1F00B5D8B1 /* ProcessSortViewController.h */ = {isa = PBXFileReference; fileEncoding = 4; lastKnownFileType = sourcecode.c.h; path = ProcessSortViewController.h; sourceTree = "<group>"; };
		701190FA174D2F2000B5D8B1 /* ProcessSortViewController.m */ = {isa = PBXFileReference; fileEncoding = 4; lastKnownFileType = sourcecode.c.objc; path = ProcessSortViewController.m; sourceTree = "<group>"; };
		70119100174D7DA500B5D8B1 /* RootCell.h */ = {isa = PBXFileReference; fileEncoding = 4; lastKnownFileType = sourcecode.c.h; path = RootCell.h; sourceTree = "<group>"; };
		70119101174D7DA600B5D8B1 /* RootCell.m */ = {isa = PBXFileReference; fileEncoding = 4; lastKnownFileType = sourcecode.c.objc; path = RootCell.m; sourceTree = "<group>"; };
		70340CA41752758F001C1F1A /* TubeTexture-retina.png */ = {isa = PBXFileReference; lastKnownFileType = image.png; path = "TubeTexture-retina.png"; sourceTree = "<group>"; };
		70340CAC17527DB1001C1F1A /* TubeBackground-nonretina@2x.png */ = {isa = PBXFileReference; lastKnownFileType = image.png; path = "TubeBackground-nonretina@2x.png"; sourceTree = "<group>"; };
		70340CB417527FB6001C1F1A /* TubeBackground-retina@2x.png */ = {isa = PBXFileReference; lastKnownFileType = image.png; path = "TubeBackground-retina@2x.png"; sourceTree = "<group>"; };
		70340CB61752A810001C1F1A /* ActiveConnection.h */ = {isa = PBXFileReference; fileEncoding = 4; lastKnownFileType = sourcecode.c.h; path = ActiveConnection.h; sourceTree = "<group>"; };
		70340CB71752A810001C1F1A /* ActiveConnection.m */ = {isa = PBXFileReference; fileEncoding = 4; lastKnownFileType = sourcecode.c.objc; path = ActiveConnection.m; sourceTree = "<group>"; };
		70340CB91752B47D001C1F1A /* bsd_var.h */ = {isa = PBXFileReference; lastKnownFileType = sourcecode.c.h; path = bsd_var.h; sourceTree = "<group>"; };
		703D22D8173818EC0001E3B3 /* ActivityMonitor++.app */ = {isa = PBXFileReference; explicitFileType = wrapper.application; includeInIndex = 0; path = "ActivityMonitor++.app"; sourceTree = BUILT_PRODUCTS_DIR; };
		703D22DB173818EC0001E3B3 /* UIKit.framework */ = {isa = PBXFileReference; lastKnownFileType = wrapper.framework; name = UIKit.framework; path = System/Library/Frameworks/UIKit.framework; sourceTree = SDKROOT; };
		703D22DD173818EC0001E3B3 /* Foundation.framework */ = {isa = PBXFileReference; lastKnownFileType = wrapper.framework; name = Foundation.framework; path = System/Library/Frameworks/Foundation.framework; sourceTree = SDKROOT; };
		703D22DF173818EC0001E3B3 /* CoreGraphics.framework */ = {isa = PBXFileReference; lastKnownFileType = wrapper.framework; name = CoreGraphics.framework; path = System/Library/Frameworks/CoreGraphics.framework; sourceTree = SDKROOT; };
		703D22E3173818EC0001E3B3 /* ActivityMonitor++-Info.plist */ = {isa = PBXFileReference; lastKnownFileType = text.plist.xml; path = "ActivityMonitor++-Info.plist"; sourceTree = "<group>"; };
		703D22E5173818EC0001E3B3 /* en */ = {isa = PBXFileReference; lastKnownFileType = text.plist.strings; name = en; path = en.lproj/InfoPlist.strings; sourceTree = "<group>"; };
		703D22E7173818EC0001E3B3 /* main.m */ = {isa = PBXFileReference; lastKnownFileType = sourcecode.c.objc; path = main.m; sourceTree = "<group>"; };
		703D22E9173818EC0001E3B3 /* ActivityMonitor++-Prefix.pch */ = {isa = PBXFileReference; lastKnownFileType = sourcecode.c.h; path = "ActivityMonitor++-Prefix.pch"; sourceTree = "<group>"; };
		703D22EA173818EC0001E3B3 /* AppDelegate.h */ = {isa = PBXFileReference; lastKnownFileType = sourcecode.c.h; path = AppDelegate.h; sourceTree = "<group>"; };
		703D22EB173818EC0001E3B3 /* AppDelegate.m */ = {isa = PBXFileReference; lastKnownFileType = sourcecode.c.objc; path = AppDelegate.m; sourceTree = "<group>"; };
		703D22ED173818EC0001E3B3 /* Default.png */ = {isa = PBXFileReference; lastKnownFileType = image.png; path = Default.png; sourceTree = "<group>"; };
		703D22EF173818EC0001E3B3 /* Default@2x.png */ = {isa = PBXFileReference; lastKnownFileType = image.png; path = "Default@2x.png"; sourceTree = "<group>"; };
		703D22F1173818EC0001E3B3 /* Default-568h@2x.png */ = {isa = PBXFileReference; lastKnownFileType = image.png; path = "Default-568h@2x.png"; sourceTree = "<group>"; };
		703D22F4173818EC0001E3B3 /* en */ = {isa = PBXFileReference; lastKnownFileType = file.storyboard; name = en; path = en.lproj/MainStoryboard_iPhone.storyboard; sourceTree = "<group>"; };
		703D22F7173818EC0001E3B3 /* en */ = {isa = PBXFileReference; lastKnownFileType = file.storyboard; name = en; path = en.lproj/MainStoryboard_iPad.storyboard; sourceTree = "<group>"; };
		703D230C173818EC0001E3B3 /* ActivityMonitor++Tests.octest */ = {isa = PBXFileReference; explicitFileType = wrapper.cfbundle; includeInIndex = 0; path = "ActivityMonitor++Tests.octest"; sourceTree = BUILT_PRODUCTS_DIR; };
		703D230D173818EC0001E3B3 /* SenTestingKit.framework */ = {isa = PBXFileReference; lastKnownFileType = wrapper.framework; name = SenTestingKit.framework; path = Library/Frameworks/SenTestingKit.framework; sourceTree = DEVELOPER_DIR; };
		703D2315173818EC0001E3B3 /* ActivityMonitor++Tests-Info.plist */ = {isa = PBXFileReference; lastKnownFileType = text.plist.xml; path = "ActivityMonitor++Tests-Info.plist"; sourceTree = "<group>"; };
		703D2317173818EC0001E3B3 /* en */ = {isa = PBXFileReference; lastKnownFileType = text.plist.strings; name = en; path = en.lproj/InfoPlist.strings; sourceTree = "<group>"; };
		704528AA174EAD44003DD424 /* GLTube.h */ = {isa = PBXFileReference; fileEncoding = 4; lastKnownFileType = sourcecode.c.h; path = GLTube.h; sourceTree = "<group>"; };
		704528AB174EAD44003DD424 /* GLTube.m */ = {isa = PBXFileReference; fileEncoding = 4; lastKnownFileType = sourcecode.c.objc; path = GLTube.m; sourceTree = "<group>"; };
		704528B9174ED3A7003DD424 /* StorageViewController.h */ = {isa = PBXFileReference; fileEncoding = 4; lastKnownFileType = sourcecode.c.h; path = StorageViewController.h; sourceTree = "<group>"; };
		704528BA174ED3A7003DD424 /* StorageViewController.m */ = {isa = PBXFileReference; fileEncoding = 4; lastKnownFileType = sourcecode.c.objc; path = StorageViewController.m; sourceTree = "<group>"; };
		70681B871750E70C0095547F /* BubbleTexture-nonretina.png */ = {isa = PBXFileReference; lastKnownFileType = image.png; path = "BubbleTexture-nonretina.png"; sourceTree = "<group>"; };
		706F717C174D8C6100E5842C /* RAMInfoController.h */ = {isa = PBXFileReference; fileEncoding = 4; lastKnownFileType = sourcecode.c.h; path = RAMInfoController.h; sourceTree = "<group>"; };
		706F717D174D8C6100E5842C /* RAMInfoController.m */ = {isa = PBXFileReference; fileEncoding = 4; lastKnownFileType = sourcecode.c.objc; path = RAMInfoController.m; sourceTree = "<group>"; };
		706F717F174D8C7700E5842C /* RAMInfo.h */ = {isa = PBXFileReference; fileEncoding = 4; lastKnownFileType = sourcecode.c.h; path = RAMInfo.h; sourceTree = "<group>"; };
		706F7182174D96E000E5842C /* RAMViewController.h */ = {isa = PBXFileReference; fileEncoding = 4; lastKnownFileType = sourcecode.c.h; path = RAMViewController.h; sourceTree = "<group>"; };
		706F7183174D96E000E5842C /* RAMViewController.m */ = {isa = PBXFileReference; fileEncoding = 4; lastKnownFileType = sourcecode.c.objc; path = RAMViewController.m; sourceTree = "<group>"; };
		70AF61301739250800EF49E9 /* CPUInfo.h */ = {isa = PBXFileReference; fileEncoding = 4; lastKnownFileType = sourcecode.c.h; path = CPUInfo.h; sourceTree = "<group>"; };
		70AF61311739250800EF49E9 /* CPUInfo.m */ = {isa = PBXFileReference; fileEncoding = 4; lastKnownFileType = sourcecode.c.objc; path = CPUInfo.m; sourceTree = "<group>"; };
		70AF61331739255700EF49E9 /* CPUInfoController.h */ = {isa = PBXFileReference; fileEncoding = 4; lastKnownFileType = sourcecode.c.h; path = CPUInfoController.h; sourceTree = "<group>"; };
		70AF61341739255700EF49E9 /* CPUInfoController.m */ = {isa = PBXFileReference; fileEncoding = 4; lastKnownFileType = sourcecode.c.objc; path = CPUInfoController.m; sourceTree = "<group>"; };
		70AF613817392CE600EF49E9 /* AMUtils.h */ = {isa = PBXFileReference; fileEncoding = 4; lastKnownFileType = sourcecode.c.h; path = AMUtils.h; sourceTree = "<group>"; };
		70AF613917392CE600EF49E9 /* AMUtils.m */ = {isa = PBXFileReference; fileEncoding = 4; lastKnownFileType = sourcecode.c.objc; path = AMUtils.m; sourceTree = "<group>"; };
		70AF613B173965D400EF49E9 /* RootTableViewController.h */ = {isa = PBXFileReference; fileEncoding = 4; lastKnownFileType = sourcecode.c.h; path = RootTableViewController.h; sourceTree = "<group>"; };
		70AF613C173965D500EF49E9 /* RootTableViewController.m */ = {isa = PBXFileReference; fileEncoding = 4; lastKnownFileType = sourcecode.c.objc; path = RootTableViewController.m; sourceTree = "<group>"; };
		70C150B617536FFE009BEB11 /* ConnectionViewController.h */ = {isa = PBXFileReference; fileEncoding = 4; lastKnownFileType = sourcecode.c.h; path = ConnectionViewController.h; sourceTree = "<group>"; };
		70C150B717536FFE009BEB11 /* ConnectionViewController.m */ = {isa = PBXFileReference; fileEncoding = 4; lastKnownFileType = sourcecode.c.objc; path = ConnectionViewController.m; sourceTree = "<group>"; };
		70C150B917537380009BEB11 /* ConnectionCell@2x.png */ = {isa = PBXFileReference; lastKnownFileType = image.png; path = "ConnectionCell@2x.png"; sourceTree = "<group>"; };
		70C150BB1753739A009BEB11 /* ConnectionCell.h */ = {isa = PBXFileReference; fileEncoding = 4; lastKnownFileType = sourcecode.c.h; path = ConnectionCell.h; sourceTree = "<group>"; };
		70C150BC1753739A009BEB11 /* ConnectionCell.m */ = {isa = PBXFileReference; fileEncoding = 4; lastKnownFileType = sourcecode.c.objc; path = ConnectionCell.m; sourceTree = "<group>"; };
		70C150BE17537760009BEB11 /* GreenCircle@2x.png */ = {isa = PBXFileReference; lastKnownFileType = image.png; path = "GreenCircle@2x.png"; sourceTree = "<group>"; };
		70C150BF17537760009BEB11 /* OrangeCircle@2x.png */ = {isa = PBXFileReference; lastKnownFileType = image.png; path = "OrangeCircle@2x.png"; sourceTree = "<group>"; };
		70C150C017537760009BEB11 /* RedCircle@2x.png */ = {isa = PBXFileReference; lastKnownFileType = image.png; path = "RedCircle@2x.png"; sourceTree = "<group>"; };
		70C150C61753B770009BEB11 /* ConnectionSectionView.xib */ = {isa = PBXFileReference; fileEncoding = 4; lastKnownFileType = file.xib; path = ConnectionSectionView.xib; sourceTree = "<group>"; };
		70C150C81753B7D0009BEB11 /* ConnectionSectionView.h */ = {isa = PBXFileReference; fileEncoding = 4; lastKnownFileType = sourcecode.c.h; path = ConnectionSectionView.h; sourceTree = "<group>"; };
		70C150C91753B7D0009BEB11 /* ConnectionSectionView.m */ = {isa = PBXFileReference; fileEncoding = 4; lastKnownFileType = sourcecode.c.objc; path = ConnectionSectionView.m; sourceTree = "<group>"; };
		70C150D71753DD74009BEB11 /* ConnectionsSectionBackground-60@2x.png */ = {isa = PBXFileReference; lastKnownFileType = image.png; path = "ConnectionsSectionBackground-60@2x.png"; sourceTree = "<group>"; };
		70C2E9211739BAA8008CB1B1 /* AMUtils_Tests.h */ = {isa = PBXFileReference; fileEncoding = 4; lastKnownFileType = sourcecode.c.h; path = AMUtils_Tests.h; sourceTree = "<group>"; };
		70C2E9221739BAA8008CB1B1 /* AMUtils_Tests.m */ = {isa = PBXFileReference; fileEncoding = 4; lastKnownFileType = sourcecode.c.objc; path = AMUtils_Tests.m; sourceTree = "<group>"; };
		70C2E9241739C7B6008CB1B1 /* GeneralViewController.h */ = {isa = PBXFileReference; fileEncoding = 4; lastKnownFileType = sourcecode.c.h; path = GeneralViewController.h; sourceTree = "<group>"; };
		70C2E9251739C7B6008CB1B1 /* GeneralViewController.m */ = {isa = PBXFileReference; fileEncoding = 4; lastKnownFileType = sourcecode.c.objc; path = GeneralViewController.m; sourceTree = "<group>"; };
		70C2E9271739C8D1008CB1B1 /* AMDevice.h */ = {isa = PBXFileReference; fileEncoding = 4; lastKnownFileType = sourcecode.c.h; path = AMDevice.h; sourceTree = "<group>"; };
		70C2E9281739C8D2008CB1B1 /* AMDevice.m */ = {isa = PBXFileReference; fileEncoding = 4; lastKnownFileType = sourcecode.c.objc; path = AMDevice.m; sourceTree = "<group>"; };
		70CD01BA1739AB870047E72F /* HardcodedDeviceData.h */ = {isa = PBXFileReference; fileEncoding = 4; lastKnownFileType = sourcecode.c.h; path = HardcodedDeviceData.h; sourceTree = "<group>"; };
		70CD01BB1739AB870047E72F /* HardcodedDeviceData.m */ = {isa = PBXFileReference; fileEncoding = 4; lastKnownFileType = sourcecode.c.objc; path = HardcodedDeviceData.m; sourceTree = "<group>"; };
		70D8F456174CEAE6003824E2 /* LineGraphBackground-464@2x.png */ = {isa = PBXFileReference; lastKnownFileType = image.png; path = "LineGraphBackground-464@2x.png"; sourceTree = "<group>"; };
		70D8F45C174CF1E9003824E2 /* Background-1496@2x.png */ = {isa = PBXFileReference; lastKnownFileType = image.png; path = "Background-1496@2x.png"; sourceTree = "<group>"; };
		70D92D59173AA91300C57DEA /* CPULoad.h */ = {isa = PBXFileReference; fileEncoding = 4; lastKnownFileType = sourcecode.c.h; path = CPULoad.h; sourceTree = "<group>"; };
		70D92D5A173AA91300C57DEA /* CPULoad.m */ = {isa = PBXFileReference; fileEncoding = 4; lastKnownFileType = sourcecode.c.objc; path = CPULoad.m; sourceTree = "<group>"; };
		70D92D5F173B299B00C57DEA /* GPUInfoController.h */ = {isa = PBXFileReference; fileEncoding = 4; lastKnownFileType = sourcecode.c.h; path = GPUInfoController.h; sourceTree = "<group>"; };
		70D92D60173B299B00C57DEA /* GPUInfoController.m */ = {isa = PBXFileReference; fileEncoding = 4; lastKnownFileType = sourcecode.c.objc; path = GPUInfoController.m; sourceTree = "<group>"; };
		70D92D62173B29AE00C57DEA /* GPUViewController.h */ = {isa = PBXFileReference; fileEncoding = 4; lastKnownFileType = sourcecode.c.h; path = GPUViewController.h; sourceTree = "<group>"; };
		70D92D63173B29AE00C57DEA /* GPUViewController.m */ = {isa = PBXFileReference; fileEncoding = 4; lastKnownFileType = sourcecode.c.objc; path = GPUViewController.m; sourceTree = "<group>"; };
		70D92D65173B2B4D00C57DEA /* GPUInfo.h */ = {isa = PBXFileReference; fileEncoding = 4; lastKnownFileType = sourcecode.c.h; path = GPUInfo.h; sourceTree = "<group>"; };
		70D92D66173B2B4D00C57DEA /* GPUInfo.m */ = {isa = PBXFileReference; fileEncoding = 4; lastKnownFileType = sourcecode.c.objc; path = GPUInfo.m; sourceTree = "<group>"; };
		70D92D68173B302600C57DEA /* GLKit.framework */ = {isa = PBXFileReference; lastKnownFileType = wrapper.framework; name = GLKit.framework; path = System/Library/Frameworks/GLKit.framework; sourceTree = SDKROOT; };
		70D92D6A173B308100C57DEA /* OpenGLES.framework */ = {isa = PBXFileReference; lastKnownFileType = wrapper.framework; name = OpenGLES.framework; path = System/Library/Frameworks/OpenGLES.framework; sourceTree = SDKROOT; };
		70E19A41174B718900A411C8 /* GLDataLine.h */ = {isa = PBXFileReference; fileEncoding = 4; lastKnownFileType = sourcecode.c.h; path = GLDataLine.h; sourceTree = "<group>"; };
		70E19A42174B718900A411C8 /* GLDataLine.m */ = {isa = PBXFileReference; fileEncoding = 4; lastKnownFileType = sourcecode.c.objc; path = GLDataLine.m; sourceTree = "<group>"; };
		70E19A44174B790400A411C8 /* GLCommon.h */ = {isa = PBXFileReference; fileEncoding = 4; lastKnownFileType = sourcecode.c.h; path = GLCommon.h; sourceTree = "<group>"; };
		70E19A45174B790400A411C8 /* GLCommon.m */ = {isa = PBXFileReference; fileEncoding = 4; lastKnownFileType = sourcecode.c.objc; path = GLCommon.m; sourceTree = "<group>"; };
		70E19A48174BBBA400A411C8 /* ProcessInfoController.h */ = {isa = PBXFileReference; fileEncoding = 4; lastKnownFileType = sourcecode.c.h; path = ProcessInfoController.h; sourceTree = "<group>"; };
		70E19A49174BBBA400A411C8 /* ProcessInfoController.m */ = {isa = PBXFileReference; fileEncoding = 4; lastKnownFileType = sourcecode.c.objc; path = ProcessInfoController.m; sourceTree = "<group>"; };
		70E19A4B174BBBB600A411C8 /* ProcessInfo.h */ = {isa = PBXFileReference; fileEncoding = 4; lastKnownFileType = sourcecode.c.h; path = ProcessInfo.h; sourceTree = "<group>"; };
		70E19A4C174BBBB600A411C8 /* ProcessInfo.m */ = {isa = PBXFileReference; fileEncoding = 4; lastKnownFileType = sourcecode.c.objc; path = ProcessInfo.m; sourceTree = "<group>"; };
		70E19A51174C0FA400A411C8 /* ProcessViewController.h */ = {isa = PBXFileReference; fileEncoding = 4; lastKnownFileType = sourcecode.c.h; path = ProcessViewController.h; sourceTree = "<group>"; };
		70E19A52174C0FA400A411C8 /* ProcessViewController.m */ = {isa = PBXFileReference; fileEncoding = 4; lastKnownFileType = sourcecode.c.objc; path = ProcessViewController.m; sourceTree = "<group>"; };
		70E19A58174C260300A411C8 /* Background-748@2x.png */ = {isa = PBXFileReference; lastKnownFileType = image.png; path = "Background-748@2x.png"; sourceTree = "<group>"; };
		70E19A5C174C289A00A411C8 /* Background-Left-748@2x.png */ = {isa = PBXFileReference; lastKnownFileType = image.png; path = "Background-Left-748@2x.png"; sourceTree = "<group>"; };
		70E437061752514500ED3876 /* DeviceSpecificUI.h */ = {isa = PBXFileReference; fileEncoding = 4; lastKnownFileType = sourcecode.c.h; path = DeviceSpecificUI.h; sourceTree = "<group>"; };
		70E4370F1752526F00ED3876 /* DeviceSpecificUI.m */ = {isa = PBXFileReference; fileEncoding = 4; lastKnownFileType = sourcecode.c.objc; path = DeviceSpecificUI.m; sourceTree = "<group>"; };
		70E4371317526E0200ED3876 /* TubeTexture-nonretina.png */ = {isa = PBXFileReference; lastKnownFileType = image.png; path = "TubeTexture-nonretina.png"; sourceTree = "<group>"; };
		70E4371B175270F100ED3876 /* BubbleTexture-retina.png */ = {isa = PBXFileReference; lastKnownFileType = image.png; path = "BubbleTexture-retina.png"; sourceTree = "<group>"; };
		70ECE2731750558100B1402A /* RAMInfo.m */ = {isa = PBXFileReference; fileEncoding = 4; lastKnownFileType = sourcecode.c.objc; path = RAMInfo.m; sourceTree = "<group>"; };
		70ECE276175058A500B1402A /* GLBubbleEffect.vsh */ = {isa = PBXFileReference; fileEncoding = 4; lastKnownFileType = sourcecode.glsl; path = GLBubbleEffect.vsh; sourceTree = "<group>"; };
		70ECE278175058B200B1402A /* GLBubbleEffect.fsh */ = {isa = PBXFileReference; fileEncoding = 4; lastKnownFileType = sourcecode.glsl; path = GLBubbleEffect.fsh; sourceTree = "<group>"; };
		70ECE27A175058C300B1402A /* GLBubbleEffect.h */ = {isa = PBXFileReference; fileEncoding = 4; lastKnownFileType = sourcecode.c.h; path = GLBubbleEffect.h; sourceTree = "<group>"; };
		70ECE27B175058C300B1402A /* GLBubbleEffect.m */ = {isa = PBXFileReference; fileEncoding = 4; lastKnownFileType = sourcecode.c.objc; path = GLBubbleEffect.m; sourceTree = "<group>"; };
		70ECE27D1750596C00B1402A /* GLEffect.h */ = {isa = PBXFileReference; fileEncoding = 4; lastKnownFileType = sourcecode.c.h; path = GLEffect.h; sourceTree = "<group>"; };
		70ECE27E1750596C00B1402A /* GLEffect.m */ = {isa = PBXFileReference; fileEncoding = 4; lastKnownFileType = sourcecode.c.objc; path = GLEffect.m; sourceTree = "<group>"; };
		70F1F16B1739712C007224AD /* CPUViewController.h */ = {isa = PBXFileReference; fileEncoding = 4; lastKnownFileType = sourcecode.c.h; path = CPUViewController.h; sourceTree = "<group>"; };
		70F1F16C1739712C007224AD /* CPUViewController.m */ = {isa = PBXFileReference; fileEncoding = 4; lastKnownFileType = sourcecode.c.objc; path = CPUViewController.m; sourceTree = "<group>"; };
		70F1F16F17397CEC007224AD /* DeviceInfo.h */ = {isa = PBXFileReference; fileEncoding = 4; lastKnownFileType = sourcecode.c.h; path = DeviceInfo.h; sourceTree = "<group>"; };
		70F1F17017397CEC007224AD /* DeviceInfo.m */ = {isa = PBXFileReference; fileEncoding = 4; lastKnownFileType = sourcecode.c.objc; path = DeviceInfo.m; sourceTree = "<group>"; };
		70F1F17217397CFE007224AD /* DeviceInfoController.h */ = {isa = PBXFileReference; fileEncoding = 4; lastKnownFileType = sourcecode.c.h; path = DeviceInfoController.h; sourceTree = "<group>"; };
		70F1F17317397CFE007224AD /* DeviceInfoController.m */ = {isa = PBXFileReference; fileEncoding = 4; lastKnownFileType = sourcecode.c.objc; path = DeviceInfoController.m; sourceTree = "<group>"; };
		70F1F18F17398C37007224AD /* AMLog.h */ = {isa = PBXFileReference; lastKnownFileType = sourcecode.c.h; path = AMLog.h; sourceTree = "<group>"; };
		70F4D7D6173D147F007E58E2 /* CPULoadFilter.h */ = {isa = PBXFileReference; fileEncoding = 4; lastKnownFileType = sourcecode.c.h; path = CPULoadFilter.h; sourceTree = "<group>"; };
		70F4D7D7173D147F007E58E2 /* CPULoadFilter.m */ = {isa = PBXFileReference; fileEncoding = 4; lastKnownFileType = sourcecode.c.objc; path = CPULoadFilter.m; sourceTree = "<group>"; };
		70F932951754A65600CF22D0 /* GpuIcon-highlight.png */ = {isa = PBXFileReference; lastKnownFileType = image.png; path = "GpuIcon-highlight.png"; sourceTree = "<group>"; };
		70F932961754A65600CF22D0 /* GpuIcon-normal.png */ = {isa = PBXFileReference; lastKnownFileType = image.png; path = "GpuIcon-normal.png"; sourceTree = "<group>"; };
		70F9329E1754A83000CF22D0 /* NetworkIcon-normal.png */ = {isa = PBXFileReference; lastKnownFileType = image.png; path = "NetworkIcon-normal.png"; sourceTree = "<group>"; };
		70F932A11754A9D600CF22D0 /* ConnectionsIcon-highlight.png */ = {isa = PBXFileReference; lastKnownFileType = image.png; path = "ConnectionsIcon-highlight.png"; sourceTree = "<group>"; };
		70F932A21754A9D600CF22D0 /* ConnectionsIcon-normal.png */ = {isa = PBXFileReference; lastKnownFileType = image.png; path = "ConnectionsIcon-normal.png"; sourceTree = "<group>"; };
		70F932A51754A9DC00CF22D0 /* NetworkIcon-highlight.png */ = {isa = PBXFileReference; lastKnownFileType = image.png; path = "NetworkIcon-highlight.png"; sourceTree = "<group>"; };
		70F932A71754ABE100CF22D0 /* RamIcon-highlight.png */ = {isa = PBXFileReference; lastKnownFileType = image.png; path = "RamIcon-highlight.png"; sourceTree = "<group>"; };
		70F932A81754ABE100CF22D0 /* RamIcon-normal.png */ = {isa = PBXFileReference; lastKnownFileType = image.png; path = "RamIcon-normal.png"; sourceTree = "<group>"; };
		70F932AB1754ADEA00CF22D0 /* StorageIcon-highlight.png */ = {isa = PBXFileReference; lastKnownFileType = image.png; path = "StorageIcon-highlight.png"; sourceTree = "<group>"; };
		70F932AC1754ADEA00CF22D0 /* StorageIcon-normal.png */ = {isa = PBXFileReference; lastKnownFileType = image.png; path = "StorageIcon-normal.png"; sourceTree = "<group>"; };
		70F932B51754B06E00CF22D0 /* BatteryIcon-highlight.png */ = {isa = PBXFileReference; lastKnownFileType = image.png; path = "BatteryIcon-highlight.png"; sourceTree = "<group>"; };
		70F932B61754B06E00CF22D0 /* BatteryIcon-normal.png */ = {isa = PBXFileReference; lastKnownFileType = image.png; path = "BatteryIcon-normal.png"; sourceTree = "<group>"; };
		70F932B91754B16600CF22D0 /* GeneralIcon-highlight.png */ = {isa = PBXFileReference; lastKnownFileType = image.png; path = "GeneralIcon-highlight.png"; sourceTree = "<group>"; };
		70F932BA1754B16700CF22D0 /* GeneralIcon-normal.png */ = {isa = PBXFileReference; lastKnownFileType = image.png; path = "GeneralIcon-normal.png"; sourceTree = "<group>"; };
		70F932C51754B69100CF22D0 /* CpuIcon-highlight.png */ = {isa = PBXFileReference; lastKnownFileType = image.png; path = "CpuIcon-highlight.png"; sourceTree = "<group>"; };
		70F932C61754B69100CF22D0 /* CpuIcon-normal.png */ = {isa = PBXFileReference; lastKnownFileType = image.png; path = "CpuIcon-normal.png"; sourceTree = "<group>"; };
		70F932C91754B8C400CF22D0 /* ProcessesIcon-highlight.png */ = {isa = PBXFileReference; lastKnownFileType = image.png; path = "ProcessesIcon-highlight.png"; sourceTree = "<group>"; };
		70F932CA1754B8C400CF22D0 /* ProcessesIcon-normal.png */ = {isa = PBXFileReference; lastKnownFileType = image.png; path = "ProcessesIcon-normal.png"; sourceTree = "<group>"; };
		70FC38E2174F48590085EBC3 /* StorageInfoController.h */ = {isa = PBXFileReference; fileEncoding = 4; lastKnownFileType = sourcecode.c.h; path = StorageInfoController.h; sourceTree = "<group>"; };
		70FC38E3174F48590085EBC3 /* StorageInfoController.m */ = {isa = PBXFileReference; fileEncoding = 4; lastKnownFileType = sourcecode.c.objc; path = StorageInfoController.m; sourceTree = "<group>"; };
		70FC38E5174F48680085EBC3 /* StorageInfo.h */ = {isa = PBXFileReference; fileEncoding = 4; lastKnownFileType = sourcecode.c.h; path = StorageInfo.h; sourceTree = "<group>"; };
		70FC38E6174F48680085EBC3 /* StorageInfo.m */ = {isa = PBXFileReference; fileEncoding = 4; lastKnownFileType = sourcecode.c.objc; path = StorageInfo.m; sourceTree = "<group>"; };
		70FC38E8174F4F380085EBC3 /* MediaPlayer.framework */ = {isa = PBXFileReference; lastKnownFileType = wrapper.framework; name = MediaPlayer.framework; path = System/Library/Frameworks/MediaPlayer.framework; sourceTree = SDKROOT; };
		70FC38EA174F51870085EBC3 /* AssetsLibrary.framework */ = {isa = PBXFileReference; lastKnownFileType = wrapper.framework; name = AssetsLibrary.framework; path = System/Library/Frameworks/AssetsLibrary.framework; sourceTree = SDKROOT; };
		70FC38EC174F73F80085EBC3 /* CoreMedia.framework */ = {isa = PBXFileReference; lastKnownFileType = wrapper.framework; name = CoreMedia.framework; path = System/Library/Frameworks/CoreMedia.framework; sourceTree = SDKROOT; };
		70FC38EE174F74400085EBC3 /* AVFoundation.framework */ = {isa = PBXFileReference; lastKnownFileType = wrapper.framework; name = AVFoundation.framework; path = System/Library/Frameworks/AVFoundation.framework; sourceTree = SDKROOT; };
		70FC38F1174F79E00085EBC3 /* BatteryInfoController.h */ = {isa = PBXFileReference; fileEncoding = 4; lastKnownFileType = sourcecode.c.h; path = BatteryInfoController.h; sourceTree = "<group>"; };
		70FC38F2174F79E00085EBC3 /* BatteryInfoController.m */ = {isa = PBXFileReference; fileEncoding = 4; lastKnownFileType = sourcecode.c.objc; path = BatteryInfoController.m; sourceTree = "<group>"; };
		70FC38F4174F79F00085EBC3 /* BatteryInfo.h */ = {isa = PBXFileReference; fileEncoding = 4; lastKnownFileType = sourcecode.c.h; path = BatteryInfo.h; sourceTree = "<group>"; };
		70FC38F5174F79F00085EBC3 /* BatteryInfo.m */ = {isa = PBXFileReference; fileEncoding = 4; lastKnownFileType = sourcecode.c.objc; path = BatteryInfo.m; sourceTree = "<group>"; };
		70FC38F8174F83530085EBC3 /* BatteryViewController.h */ = {isa = PBXFileReference; fileEncoding = 4; lastKnownFileType = sourcecode.c.h; path = BatteryViewController.h; sourceTree = "<group>"; };
		70FC38F9174F83530085EBC3 /* BatteryViewController.m */ = {isa = PBXFileReference; fileEncoding = 4; lastKnownFileType = sourcecode.c.objc; path = BatteryViewController.m; sourceTree = "<group>"; };
		70FE9F0F173BC5830056B891 /* GLLineGraph.h */ = {isa = PBXFileReference; fileEncoding = 4; lastKnownFileType = sourcecode.c.h; path = GLLineGraph.h; sourceTree = "<group>"; };
		70FE9F10173BC5830056B891 /* GLLineGraph.m */ = {isa = PBXFileReference; fileEncoding = 4; lastKnownFileType = sourcecode.c.objc; path = GLLineGraph.m; sourceTree = "<group>"; };
/* End PBXFileReference section */

/* Begin PBXFrameworksBuildPhase section */
		703D22D5173818EC0001E3B3 /* Frameworks */ = {
			isa = PBXFrameworksBuildPhase;
			buildActionMask = 2147483647;
			files = (
				7003E7EB1751178700214D6A /* SystemConfiguration.framework in Frameworks */,
				70FC38EF174F74410085EBC3 /* AVFoundation.framework in Frameworks */,
				70FC38ED174F73F80085EBC3 /* CoreMedia.framework in Frameworks */,
				70FC38EB174F51870085EBC3 /* AssetsLibrary.framework in Frameworks */,
				70FC38E9174F4F380085EBC3 /* MediaPlayer.framework in Frameworks */,
				70D92D6B173B308200C57DEA /* OpenGLES.framework in Frameworks */,
				70D92D69173B302600C57DEA /* GLKit.framework in Frameworks */,
				703D22DC173818EC0001E3B3 /* UIKit.framework in Frameworks */,
				703D22DE173818EC0001E3B3 /* Foundation.framework in Frameworks */,
				703D22E0173818EC0001E3B3 /* CoreGraphics.framework in Frameworks */,
				7003E82817513D0800214D6A /* libLumberjack.a in Frameworks */,
			);
			runOnlyForDeploymentPostprocessing = 0;
		};
		703D2308173818EC0001E3B3 /* Frameworks */ = {
			isa = PBXFrameworksBuildPhase;
			buildActionMask = 2147483647;
			files = (
				703D230E173818EC0001E3B3 /* SenTestingKit.framework in Frameworks */,
				703D230F173818EC0001E3B3 /* UIKit.framework in Frameworks */,
				703D2310173818EC0001E3B3 /* Foundation.framework in Frameworks */,
				7003E82717513CFA00214D6A /* libLumberjack.a in Frameworks */,
			);
			runOnlyForDeploymentPostprocessing = 0;
		};
/* End PBXFrameworksBuildPhase section */

/* Begin PBXGroup section */
		7003E81D17513C0300214D6A /* Include */ = {
			isa = PBXGroup;
			children = (
				7003E81E17513C0900214D6A /* Lumberjack */,
			);
			name = Include;
			sourceTree = "<group>";
		};
		7003E81E17513C0900214D6A /* Lumberjack */ = {
			isa = PBXGroup;
			children = (
				7003E81F17513C2000214D6A /* DDLog.h */,
				7003E82217513C9500214D6A /* DDASLLogger.h */,
				7003E82317513C9500214D6A /* DDFileLogger.h */,
				7003E82417513C9500214D6A /* DDTTYLogger.h */,
			);
			name = Lumberjack;
			sourceTree = "<group>";
		};
		700FDC06174E3187000D6848 /* Network */ = {
			isa = PBXGroup;
			children = (
				70340CB61752A810001C1F1A /* ActiveConnection.h */,
				70340CB71752A810001C1F1A /* ActiveConnection.m */,
				700FDC19174E7250000D6848 /* NetworkBandwidth.h */,
				700FDC1A174E7250000D6848 /* NetworkBandwidth.m */,
				700FDC0A174E3E61000D6848 /* NetworkInfo.h */,
				700FDC0B174E3E61000D6848 /* NetworkInfo.m */,
				700FDC07174E3E54000D6848 /* NetworkInfoController.h */,
				700FDC08174E3E54000D6848 /* NetworkInfoController.m */,
				70340CB91752B47D001C1F1A /* bsd_var.h */,
			);
			name = Network;
			sourceTree = "<group>";
		};
		700FDC0D174E5D78000D6848 /* NetworkUI */ = {
			isa = PBXGroup;
			children = (
				700FDC0E174E5D94000D6848 /* NetworkViewController.h */,
				700FDC0F174E5D94000D6848 /* NetworkViewController.m */,
			);
			name = NetworkUI;
			sourceTree = "<group>";
		};
		701190FC174D37A100B5D8B1 /* ProcessUI */ = {
			isa = PBXGroup;
			children = (
				701190F9174D2F1F00B5D8B1 /* ProcessSortViewController.h */,
				701190FA174D2F2000B5D8B1 /* ProcessSortViewController.m */,
				701190DD174D0F6100B5D8B1 /* ProcessCell.h */,
				701190DE174D0F6100B5D8B1 /* ProcessCell.m */,
				701190F7174D246800B5D8B1 /* ProcessTopView.xib */,
				701190E8174D194400B5D8B1 /* ProcessTopView.h */,
				701190E9174D194400B5D8B1 /* ProcessTopView.m */,
				70E19A51174C0FA400A411C8 /* ProcessViewController.h */,
				70E19A52174C0FA400A411C8 /* ProcessViewController.m */,
			);
			name = ProcessUI;
			sourceTree = "<group>";
		};
		701190FD174D37BD00B5D8B1 /* GpuUI */ = {
			isa = PBXGroup;
			children = (
				70D92D62173B29AE00C57DEA /* GPUViewController.h */,
				70D92D63173B29AE00C57DEA /* GPUViewController.m */,
			);
			name = GpuUI;
			sourceTree = "<group>";
		};
		701190FE174D37C500B5D8B1 /* CpuUI */ = {
			isa = PBXGroup;
			children = (
				70F1F16B1739712C007224AD /* CPUViewController.h */,
				70F1F16C1739712C007224AD /* CPUViewController.m */,
			);
			name = CpuUI;
			sourceTree = "<group>";
		};
		701190FF174D37CD00B5D8B1 /* GeneralUI */ = {
			isa = PBXGroup;
			children = (
				70C2E9241739C7B6008CB1B1 /* GeneralViewController.h */,
				70C2E9251739C7B6008CB1B1 /* GeneralViewController.m */,
			);
			name = GeneralUI;
			sourceTree = "<group>";
		};
		703D22CF173818EB0001E3B3 = {
			isa = PBXGroup;
			children = (
				70F1F18E17398B71007224AD /* Lib */,
				703D22E2173818EC0001E3B3 /* Supporting Files */,
				703D232417381ED80001E3B3 /* Media */,
				703D22E1173818EC0001E3B3 /* Source */,
				703D2313173818EC0001E3B3 /* ActivityMonitor++Tests */,
				703D22DA173818EC0001E3B3 /* Frameworks */,
				703D22D9173818EC0001E3B3 /* Products */,
			);
			sourceTree = "<group>";
		};
		703D22D9173818EC0001E3B3 /* Products */ = {
			isa = PBXGroup;
			children = (
				703D22D8173818EC0001E3B3 /* ActivityMonitor++.app */,
				703D230C173818EC0001E3B3 /* ActivityMonitor++Tests.octest */,
			);
			name = Products;
			sourceTree = "<group>";
		};
		703D22DA173818EC0001E3B3 /* Frameworks */ = {
			isa = PBXGroup;
			children = (
				7003E7EA1751178700214D6A /* SystemConfiguration.framework */,
				70FC38EE174F74400085EBC3 /* AVFoundation.framework */,
				70FC38EC174F73F80085EBC3 /* CoreMedia.framework */,
				70FC38EA174F51870085EBC3 /* AssetsLibrary.framework */,
				70FC38E8174F4F380085EBC3 /* MediaPlayer.framework */,
				70D92D6A173B308100C57DEA /* OpenGLES.framework */,
				70D92D68173B302600C57DEA /* GLKit.framework */,
				703D22DB173818EC0001E3B3 /* UIKit.framework */,
				703D22DD173818EC0001E3B3 /* Foundation.framework */,
				703D22DF173818EC0001E3B3 /* CoreGraphics.framework */,
				703D230D173818EC0001E3B3 /* SenTestingKit.framework */,
			);
			name = Frameworks;
			sourceTree = "<group>";
		};
		703D22E1173818EC0001E3B3 /* Source */ = {
			isa = PBXGroup;
			children = (
				704528A9174EAD0F003DD424 /* GL */,
				70AF612E173924B100EF49E9 /* UI */,
				70AF61361739256400EF49E9 /* CPU */,
				70D92D5C173B21D800C57DEA /* GPU */,
				70F1F16E17397CB7007224AD /* Device */,
				70E19A47174BBB8600A411C8 /* Process */,
				706F717B174D8C4A00E5842C /* RAM */,
				700FDC06174E3187000D6848 /* Network */,
				70FC38E1174F48450085EBC3 /* Storage */,
				70FC38F0174F79CE0085EBC3 /* Battery */,
				70AF613817392CE600EF49E9 /* AMUtils.h */,
				70AF613917392CE600EF49E9 /* AMUtils.m */,
				70F1F18F17398C37007224AD /* AMLog.h */,
				70C2E9271739C8D1008CB1B1 /* AMDevice.h */,
				70C2E9281739C8D2008CB1B1 /* AMDevice.m */,
				70CD01BA1739AB870047E72F /* HardcodedDeviceData.h */,
				70CD01BB1739AB870047E72F /* HardcodedDeviceData.m */,
				703D22EA173818EC0001E3B3 /* AppDelegate.h */,
				703D22EB173818EC0001E3B3 /* AppDelegate.m */,
			);
			name = Source;
			path = "ActivityMonitor++";
			sourceTree = "<group>";
		};
		703D22E2173818EC0001E3B3 /* Supporting Files */ = {
			isa = PBXGroup;
			children = (
				703D22E3173818EC0001E3B3 /* ActivityMonitor++-Info.plist */,
				703D22E4173818EC0001E3B3 /* InfoPlist.strings */,
				703D22E7173818EC0001E3B3 /* main.m */,
				703D22E9173818EC0001E3B3 /* ActivityMonitor++-Prefix.pch */,
				703D22ED173818EC0001E3B3 /* Default.png */,
				703D22EF173818EC0001E3B3 /* Default@2x.png */,
				703D22F1173818EC0001E3B3 /* Default-568h@2x.png */,
			);
			name = "Supporting Files";
			path = "ActivityMonitor++";
			sourceTree = "<group>";
		};
		703D2313173818EC0001E3B3 /* ActivityMonitor++Tests */ = {
			isa = PBXGroup;
			children = (
				70C2E9211739BAA8008CB1B1 /* AMUtils_Tests.h */,
				70C2E9221739BAA8008CB1B1 /* AMUtils_Tests.m */,
				703D2314173818EC0001E3B3 /* Supporting Files */,
			);
			path = "ActivityMonitor++Tests";
			sourceTree = "<group>";
		};
		703D2314173818EC0001E3B3 /* Supporting Files */ = {
			isa = PBXGroup;
			children = (
				703D2315173818EC0001E3B3 /* ActivityMonitor++Tests-Info.plist */,
				703D2316173818EC0001E3B3 /* InfoPlist.strings */,
			);
			name = "Supporting Files";
			sourceTree = "<group>";
		};
		703D232417381ED80001E3B3 /* Media */ = {
			isa = PBXGroup;
			children = (
				70F932741754A0DA00CF22D0 /* Root Table Icons */,
				70C150BE17537760009BEB11 /* GreenCircle@2x.png */,
				70C150BF17537760009BEB11 /* OrangeCircle@2x.png */,
				70C150C017537760009BEB11 /* RedCircle@2x.png */,
				70340CA41752758F001C1F1A /* TubeTexture-retina.png */,
				70E4371317526E0200ED3876 /* TubeTexture-nonretina.png */,
				70E4371B175270F100ED3876 /* BubbleTexture-retina.png */,
				70681B871750E70C0095547F /* BubbleTexture-nonretina.png */,
				70E19A58174C260300A411C8 /* Background-748@2x.png */,
				70D8F45C174CF1E9003824E2 /* Background-1496@2x.png */,
				70E19A5C174C289A00A411C8 /* Background-Left-748@2x.png */,
				701190D9174D09A900B5D8B1 /* DefaultCell@2x.png */,
				701190E4174D12C100B5D8B1 /* ProcessCell@2x.png */,
				70C150B917537380009BEB11 /* ConnectionCell@2x.png */,
				701190D2174D046F00B5D8B1 /* RootCellFollowing-dark-88@2x.png */,
				701190D3174D046F00B5D8B1 /* RootCellTop-dark-88@2x.png */,
				70D8F456174CEAE6003824E2 /* LineGraphBackground-464@2x.png */,
				70340CB417527FB6001C1F1A /* TubeBackground-retina@2x.png */,
				70340CAC17527DB1001C1F1A /* TubeBackground-nonretina@2x.png */,
				70C150D71753DD74009BEB11 /* ConnectionsSectionBackground-60@2x.png */,
				701190F1174D1C5100B5D8B1 /* SettingsIcon@2x.png */,
				701190F5174D21DB00B5D8B1 /* FilterButton@2x.png */,
			);
			name = Media;
			sourceTree = "<group>";
		};
		704528A8174EACF9003DD424 /* GLTube */ = {
			isa = PBXGroup;
			children = (
				70ECE2751750588400B1402A /* BubbleEffect */,
				704528AA174EAD44003DD424 /* GLTube.h */,
				704528AB174EAD44003DD424 /* GLTube.m */,
			);
			name = GLTube;
			sourceTree = "<group>";
		};
		704528A9174EAD0F003DD424 /* GL */ = {
			isa = PBXGroup;
			children = (
				70FE9F0E173BC49E0056B891 /* GLGraph */,
				704528A8174EACF9003DD424 /* GLTube */,
				70E19A44174B790400A411C8 /* GLCommon.h */,
				70E19A45174B790400A411C8 /* GLCommon.m */,
				70ECE27D1750596C00B1402A /* GLEffect.h */,
				70ECE27E1750596C00B1402A /* GLEffect.m */,
			);
			name = GL;
			sourceTree = "<group>";
		};
		704528B8174ED395003DD424 /* StorageUI */ = {
			isa = PBXGroup;
			children = (
				704528B9174ED3A7003DD424 /* StorageViewController.h */,
				704528BA174ED3A7003DD424 /* StorageViewController.m */,
			);
			name = StorageUI;
			sourceTree = "<group>";
		};
		706F717A174D8C3E00E5842C /* RamUI */ = {
			isa = PBXGroup;
			children = (
				706F7182174D96E000E5842C /* RAMViewController.h */,
				706F7183174D96E000E5842C /* RAMViewController.m */,
			);
			name = RamUI;
			sourceTree = "<group>";
		};
		706F717B174D8C4A00E5842C /* RAM */ = {
			isa = PBXGroup;
			children = (
				700FDC03174E1C8D000D6848 /* RAMUsage.h */,
				700FDC04174E1C8D000D6848 /* RAMUsage.m */,
				706F717F174D8C7700E5842C /* RAMInfo.h */,
				70ECE2731750558100B1402A /* RAMInfo.m */,
				706F717C174D8C6100E5842C /* RAMInfoController.h */,
				706F717D174D8C6100E5842C /* RAMInfoController.m */,
			);
			name = RAM;
			sourceTree = "<group>";
		};
		70AF612E173924B100EF49E9 /* UI */ = {
			isa = PBXGroup;
			children = (
				70E437051752502900ED3876 /* DeviceSpecificUI */,
				704528B8174ED395003DD424 /* StorageUI */,
				700FDC0D174E5D78000D6848 /* NetworkUI */,
				706F717A174D8C3E00E5842C /* RamUI */,
				701190FF174D37CD00B5D8B1 /* GeneralUI */,
				701190FE174D37C500B5D8B1 /* CpuUI */,
				701190FD174D37BD00B5D8B1 /* GpuUI */,
				701190FC174D37A100B5D8B1 /* ProcessUI */,
				70C150B517536FE0009BEB11 /* ConnectionUI */,
				70FC38F7174F833D0085EBC3 /* BatteryUI */,
				703D22F3173818EC0001E3B3 /* MainStoryboard_iPhone.storyboard */,
				703D22F6173818EC0001E3B3 /* MainStoryboard_iPad.storyboard */,
				701190D6174D063300B5D8B1 /* DefaultCell.h */,
				701190D7174D063300B5D8B1 /* DefaultCell.m */,
				70119100174D7DA500B5D8B1 /* RootCell.h */,
				70119101174D7DA600B5D8B1 /* RootCell.m */,
				70AF613B173965D400EF49E9 /* RootTableViewController.h */,
				70AF613C173965D500EF49E9 /* RootTableViewController.m */,
			);
			name = UI;
			sourceTree = "<group>";
		};
		70AF61361739256400EF49E9 /* CPU */ = {
			isa = PBXGroup;
			children = (
				70F4D7D6173D147F007E58E2 /* CPULoadFilter.h */,
				70F4D7D7173D147F007E58E2 /* CPULoadFilter.m */,
				70D92D59173AA91300C57DEA /* CPULoad.h */,
				70D92D5A173AA91300C57DEA /* CPULoad.m */,
				70AF61301739250800EF49E9 /* CPUInfo.h */,
				70AF61311739250800EF49E9 /* CPUInfo.m */,
				70AF61331739255700EF49E9 /* CPUInfoController.h */,
				70AF61341739255700EF49E9 /* CPUInfoController.m */,
			);
			name = CPU;
			sourceTree = "<group>";
		};
		70C150B517536FE0009BEB11 /* ConnectionUI */ = {
			isa = PBXGroup;
			children = (
				70C150C61753B770009BEB11 /* ConnectionSectionView.xib */,
				70C150C81753B7D0009BEB11 /* ConnectionSectionView.h */,
				70C150C91753B7D0009BEB11 /* ConnectionSectionView.m */,
				70C150BB1753739A009BEB11 /* ConnectionCell.h */,
				70C150BC1753739A009BEB11 /* ConnectionCell.m */,
				70C150B617536FFE009BEB11 /* ConnectionViewController.h */,
				70C150B717536FFE009BEB11 /* ConnectionViewController.m */,
			);
			name = ConnectionUI;
			sourceTree = "<group>";
		};
		70D92D5C173B21D800C57DEA /* GPU */ = {
			isa = PBXGroup;
			children = (
				70D92D65173B2B4D00C57DEA /* GPUInfo.h */,
				70D92D66173B2B4D00C57DEA /* GPUInfo.m */,
				70D92D5F173B299B00C57DEA /* GPUInfoController.h */,
				70D92D60173B299B00C57DEA /* GPUInfoController.m */,
			);
			name = GPU;
			sourceTree = "<group>";
		};
		70E19A47174BBB8600A411C8 /* Process */ = {
			isa = PBXGroup;
			children = (
				70E19A4B174BBBB600A411C8 /* ProcessInfo.h */,
				70E19A4C174BBBB600A411C8 /* ProcessInfo.m */,
				70E19A48174BBBA400A411C8 /* ProcessInfoController.h */,
				70E19A49174BBBA400A411C8 /* ProcessInfoController.m */,
			);
			name = Process;
			sourceTree = "<group>";
		};
		70E437051752502900ED3876 /* DeviceSpecificUI */ = {
			isa = PBXGroup;
			children = (
				70E437061752514500ED3876 /* DeviceSpecificUI.h */,
				70E4370F1752526F00ED3876 /* DeviceSpecificUI.m */,
			);
			name = DeviceSpecificUI;
			sourceTree = "<group>";
		};
		70ECE2751750588400B1402A /* BubbleEffect */ = {
			isa = PBXGroup;
			children = (
				70ECE276175058A500B1402A /* GLBubbleEffect.vsh */,
				70ECE278175058B200B1402A /* GLBubbleEffect.fsh */,
				70ECE27A175058C300B1402A /* GLBubbleEffect.h */,
				70ECE27B175058C300B1402A /* GLBubbleEffect.m */,
			);
			name = BubbleEffect;
			sourceTree = "<group>";
		};
		70F1F16E17397CB7007224AD /* Device */ = {
			isa = PBXGroup;
			children = (
				70F1F16F17397CEC007224AD /* DeviceInfo.h */,
				70F1F17017397CEC007224AD /* DeviceInfo.m */,
				70F1F17217397CFE007224AD /* DeviceInfoController.h */,
				70F1F17317397CFE007224AD /* DeviceInfoController.m */,
			);
			name = Device;
			sourceTree = "<group>";
		};
		70F1F18E17398B71007224AD /* Lib */ = {
			isa = PBXGroup;
			children = (
				7003E82617513CFA00214D6A /* libLumberjack.a */,
				7003E81D17513C0300214D6A /* Include */,
			);
			name = Lib;
			path = "ActivityMonitor++";
			sourceTree = "<group>";
		};
		70F932741754A0DA00CF22D0 /* Root Table Icons */ = {
			isa = PBXGroup;
			children = (
				70F932B91754B16600CF22D0 /* GeneralIcon-highlight.png */,
				70F932BA1754B16700CF22D0 /* GeneralIcon-normal.png */,
				70F932C51754B69100CF22D0 /* CpuIcon-highlight.png */,
				70F932C61754B69100CF22D0 /* CpuIcon-normal.png */,
				70F932C91754B8C400CF22D0 /* ProcessesIcon-highlight.png */,
				70F932CA1754B8C400CF22D0 /* ProcessesIcon-normal.png */,
				70F9329E1754A83000CF22D0 /* NetworkIcon-normal.png */,
				70F932A51754A9DC00CF22D0 /* NetworkIcon-highlight.png */,
				70F932A11754A9D600CF22D0 /* ConnectionsIcon-highlight.png */,
				70F932A21754A9D600CF22D0 /* ConnectionsIcon-normal.png */,
				70F932951754A65600CF22D0 /* GpuIcon-highlight.png */,
				70F932961754A65600CF22D0 /* GpuIcon-normal.png */,
				70F932A71754ABE100CF22D0 /* RamIcon-highlight.png */,
				70F932A81754ABE100CF22D0 /* RamIcon-normal.png */,
				70F932AB1754ADEA00CF22D0 /* StorageIcon-highlight.png */,
				70F932AC1754ADEA00CF22D0 /* StorageIcon-normal.png */,
				70F932B51754B06E00CF22D0 /* BatteryIcon-highlight.png */,
				70F932B61754B06E00CF22D0 /* BatteryIcon-normal.png */,
			);
			name = "Root Table Icons";
			sourceTree = "<group>";
		};
		70FC38E1174F48450085EBC3 /* Storage */ = {
			isa = PBXGroup;
			children = (
				70FC38E5174F48680085EBC3 /* StorageInfo.h */,
				70FC38E6174F48680085EBC3 /* StorageInfo.m */,
				70FC38E2174F48590085EBC3 /* StorageInfoController.h */,
				70FC38E3174F48590085EBC3 /* StorageInfoController.m */,
			);
			name = Storage;
			sourceTree = "<group>";
		};
		70FC38F0174F79CE0085EBC3 /* Battery */ = {
			isa = PBXGroup;
			children = (
				70FC38F4174F79F00085EBC3 /* BatteryInfo.h */,
				70FC38F5174F79F00085EBC3 /* BatteryInfo.m */,
				70FC38F1174F79E00085EBC3 /* BatteryInfoController.h */,
				70FC38F2174F79E00085EBC3 /* BatteryInfoController.m */,
			);
			name = Battery;
			sourceTree = "<group>";
		};
		70FC38F7174F833D0085EBC3 /* BatteryUI */ = {
			isa = PBXGroup;
			children = (
				70FC38F8174F83530085EBC3 /* BatteryViewController.h */,
				70FC38F9174F83530085EBC3 /* BatteryViewController.m */,
			);
			name = BatteryUI;
			sourceTree = "<group>";
		};
		70FE9F0E173BC49E0056B891 /* GLGraph */ = {
			isa = PBXGroup;
			children = (
				70FE9F0F173BC5830056B891 /* GLLineGraph.h */,
				70FE9F10173BC5830056B891 /* GLLineGraph.m */,
				70E19A41174B718900A411C8 /* GLDataLine.h */,
				70E19A42174B718900A411C8 /* GLDataLine.m */,
			);
			name = GLGraph;
			sourceTree = "<group>";
		};
/* End PBXGroup section */

/* Begin PBXNativeTarget section */
		703D22D7173818EC0001E3B3 /* ActivityMonitor++ */ = {
			isa = PBXNativeTarget;
			buildConfigurationList = 703D231E173818EC0001E3B3 /* Build configuration list for PBXNativeTarget "ActivityMonitor++" */;
			buildPhases = (
				703D22D4173818EC0001E3B3 /* Sources */,
				703D22D5173818EC0001E3B3 /* Frameworks */,
				703D22D6173818EC0001E3B3 /* Resources */,
			);
			buildRules = (
			);
			dependencies = (
			);
			name = "ActivityMonitor++";
			productName = "ActivityMonitor++";
			productReference = 703D22D8173818EC0001E3B3 /* ActivityMonitor++.app */;
			productType = "com.apple.product-type.application";
		};
		703D230B173818EC0001E3B3 /* ActivityMonitor++Tests */ = {
			isa = PBXNativeTarget;
			buildConfigurationList = 703D2321173818EC0001E3B3 /* Build configuration list for PBXNativeTarget "ActivityMonitor++Tests" */;
			buildPhases = (
				703D2307173818EC0001E3B3 /* Sources */,
				703D2308173818EC0001E3B3 /* Frameworks */,
				703D2309173818EC0001E3B3 /* Resources */,
				703D230A173818EC0001E3B3 /* ShellScript */,
			);
			buildRules = (
			);
			dependencies = (
				703D2312173818EC0001E3B3 /* PBXTargetDependency */,
			);
			name = "ActivityMonitor++Tests";
			productName = "ActivityMonitor++Tests";
			productReference = 703D230C173818EC0001E3B3 /* ActivityMonitor++Tests.octest */;
			productType = "com.apple.product-type.bundle";
		};
/* End PBXNativeTarget section */

/* Begin PBXProject section */
		703D22D0173818EB0001E3B3 /* Project object */ = {
			isa = PBXProject;
			attributes = {
				LastUpgradeCheck = 0460;
				ORGANIZATIONNAME = st;
			};
			buildConfigurationList = 703D22D3173818EB0001E3B3 /* Build configuration list for PBXProject "ActivityMonitor++" */;
			compatibilityVersion = "Xcode 3.2";
			developmentRegion = English;
			hasScannedForEncodings = 0;
			knownRegions = (
				en,
			);
			mainGroup = 703D22CF173818EB0001E3B3;
			productRefGroup = 703D22D9173818EC0001E3B3 /* Products */;
			projectDirPath = "";
			projectRoot = "";
			targets = (
				703D22D7173818EC0001E3B3 /* ActivityMonitor++ */,
				703D230B173818EC0001E3B3 /* ActivityMonitor++Tests */,
			);
		};
/* End PBXProject section */

/* Begin PBXResourcesBuildPhase section */
		703D22D6173818EC0001E3B3 /* Resources */ = {
			isa = PBXResourcesBuildPhase;
			buildActionMask = 2147483647;
			files = (
				70ECE28217508E4900B1402A /* GLBubbleEffect.vsh in Resources */,
				70ECE28317508E4900B1402A /* GLBubbleEffect.fsh in Resources */,
				703D22E6173818EC0001E3B3 /* InfoPlist.strings in Resources */,
				703D22EE173818EC0001E3B3 /* Default.png in Resources */,
				703D22F0173818EC0001E3B3 /* Default@2x.png in Resources */,
				703D22F2173818EC0001E3B3 /* Default-568h@2x.png in Resources */,
				703D22F5173818EC0001E3B3 /* MainStoryboard_iPhone.storyboard in Resources */,
				703D22F8173818EC0001E3B3 /* MainStoryboard_iPad.storyboard in Resources */,
				70E19A59174C260300A411C8 /* Background-748@2x.png in Resources */,
				70E19A5D174C289A00A411C8 /* Background-Left-748@2x.png in Resources */,
				70D8F457174CEAE6003824E2 /* LineGraphBackground-464@2x.png in Resources */,
				70D8F45D174CF1E9003824E2 /* Background-1496@2x.png in Resources */,
				701190D4174D046F00B5D8B1 /* RootCellFollowing-dark-88@2x.png in Resources */,
				701190D5174D046F00B5D8B1 /* RootCellTop-dark-88@2x.png in Resources */,
				701190DA174D09A900B5D8B1 /* DefaultCell@2x.png in Resources */,
				701190E5174D12C100B5D8B1 /* ProcessCell@2x.png in Resources */,
				701190F2174D1C5200B5D8B1 /* SettingsIcon@2x.png in Resources */,
				701190F6174D21DB00B5D8B1 /* FilterButton@2x.png in Resources */,
				701190F8174D246800B5D8B1 /* ProcessTopView.xib in Resources */,
				70681B881750E70C0095547F /* BubbleTexture-nonretina.png in Resources */,
				70E4371417526E0200ED3876 /* TubeTexture-nonretina.png in Resources */,
				70E4371C175270F100ED3876 /* BubbleTexture-retina.png in Resources */,
				70340CA51752758F001C1F1A /* TubeTexture-retina.png in Resources */,
				70340CAD17527DB1001C1F1A /* TubeBackground-nonretina@2x.png in Resources */,
				70340CB517527FB7001C1F1A /* TubeBackground-retina@2x.png in Resources */,
				70C150BA17537380009BEB11 /* ConnectionCell@2x.png in Resources */,
				70C150C117537760009BEB11 /* GreenCircle@2x.png in Resources */,
				70C150C217537760009BEB11 /* OrangeCircle@2x.png in Resources */,
				70C150C317537760009BEB11 /* RedCircle@2x.png in Resources */,
				70C150C71753B770009BEB11 /* ConnectionSectionView.xib in Resources */,
				70C150D81753DD74009BEB11 /* ConnectionsSectionBackground-60@2x.png in Resources */,
				70F932971754A65600CF22D0 /* GpuIcon-highlight.png in Resources */,
				70F932981754A65600CF22D0 /* GpuIcon-normal.png in Resources */,
				70F932A01754A83000CF22D0 /* NetworkIcon-normal.png in Resources */,
				70F932A31754A9D600CF22D0 /* ConnectionsIcon-highlight.png in Resources */,
				70F932A41754A9D600CF22D0 /* ConnectionsIcon-normal.png in Resources */,
				70F932A61754A9DC00CF22D0 /* NetworkIcon-highlight.png in Resources */,
				70F932A91754ABE100CF22D0 /* RamIcon-highlight.png in Resources */,
				70F932AA1754ABE100CF22D0 /* RamIcon-normal.png in Resources */,
				70F932AD1754ADEA00CF22D0 /* StorageIcon-highlight.png in Resources */,
				70F932AE1754ADEA00CF22D0 /* StorageIcon-normal.png in Resources */,
				70F932B71754B06E00CF22D0 /* BatteryIcon-highlight.png in Resources */,
				70F932B81754B06E00CF22D0 /* BatteryIcon-normal.png in Resources */,
				70F932BB1754B16700CF22D0 /* GeneralIcon-highlight.png in Resources */,
				70F932BC1754B16700CF22D0 /* GeneralIcon-normal.png in Resources */,
				70F932C71754B69100CF22D0 /* CpuIcon-highlight.png in Resources */,
				70F932C81754B69100CF22D0 /* CpuIcon-normal.png in Resources */,
				70F932CB1754B8C400CF22D0 /* ProcessesIcon-highlight.png in Resources */,
				70F932CC1754B8C400CF22D0 /* ProcessesIcon-normal.png in Resources */,
			);
			runOnlyForDeploymentPostprocessing = 0;
		};
		703D2309173818EC0001E3B3 /* Resources */ = {
			isa = PBXResourcesBuildPhase;
			buildActionMask = 2147483647;
			files = (
				703D2318173818EC0001E3B3 /* InfoPlist.strings in Resources */,
			);
			runOnlyForDeploymentPostprocessing = 0;
		};
/* End PBXResourcesBuildPhase section */

/* Begin PBXShellScriptBuildPhase section */
		703D230A173818EC0001E3B3 /* ShellScript */ = {
			isa = PBXShellScriptBuildPhase;
			buildActionMask = 2147483647;
			files = (
			);
			inputPaths = (
			);
			outputPaths = (
			);
			runOnlyForDeploymentPostprocessing = 0;
			shellPath = /bin/sh;
			shellScript = "# Run the unit tests in this test bundle.\n\"${SYSTEM_DEVELOPER_DIR}/Tools/RunUnitTests\"\n";
		};
/* End PBXShellScriptBuildPhase section */

/* Begin PBXSourcesBuildPhase section */
		703D22D4173818EC0001E3B3 /* Sources */ = {
			isa = PBXSourcesBuildPhase;
			buildActionMask = 2147483647;
			files = (
				7003E7E9175115EF00214D6A /* RAMInfo.m in Sources */,
				703D22E8173818EC0001E3B3 /* main.m in Sources */,
				703D22EC173818EC0001E3B3 /* AppDelegate.m in Sources */,
				70AF61321739250800EF49E9 /* CPUInfo.m in Sources */,
				70AF61351739255700EF49E9 /* CPUInfoController.m in Sources */,
				70AF613A17392CE600EF49E9 /* AMUtils.m in Sources */,
				70AF613D173965D500EF49E9 /* RootTableViewController.m in Sources */,
				70F1F16D1739712D007224AD /* CPUViewController.m in Sources */,
				70F1F17117397CEC007224AD /* DeviceInfo.m in Sources */,
				70F1F17417397CFE007224AD /* DeviceInfoController.m in Sources */,
				70CD01BC1739AB870047E72F /* HardcodedDeviceData.m in Sources */,
				70C2E9261739C7B7008CB1B1 /* GeneralViewController.m in Sources */,
				70C2E9291739C8D2008CB1B1 /* AMDevice.m in Sources */,
				70D92D5B173AA91300C57DEA /* CPULoad.m in Sources */,
				70D92D61173B299B00C57DEA /* GPUInfoController.m in Sources */,
				70D92D64173B29AE00C57DEA /* GPUViewController.m in Sources */,
				70D92D67173B2B4D00C57DEA /* GPUInfo.m in Sources */,
				70FE9F11173BC5830056B891 /* GLLineGraph.m in Sources */,
				70F4D7D8173D147F007E58E2 /* CPULoadFilter.m in Sources */,
				70E19A43174B718900A411C8 /* GLDataLine.m in Sources */,
				70E19A46174B790400A411C8 /* GLCommon.m in Sources */,
				70E19A4A174BBBA400A411C8 /* ProcessInfoController.m in Sources */,
				70E19A4D174BBBB600A411C8 /* ProcessInfo.m in Sources */,
				70E19A53174C0FA500A411C8 /* ProcessViewController.m in Sources */,
				701190D8174D063300B5D8B1 /* DefaultCell.m in Sources */,
				701190DF174D0F6200B5D8B1 /* ProcessCell.m in Sources */,
				701190EA174D194400B5D8B1 /* ProcessTopView.m in Sources */,
				701190FB174D2F2000B5D8B1 /* ProcessSortViewController.m in Sources */,
				70119102174D7DA600B5D8B1 /* RootCell.m in Sources */,
				706F717E174D8C6100E5842C /* RAMInfoController.m in Sources */,
				706F7184174D96E000E5842C /* RAMViewController.m in Sources */,
				700FDC05174E1C8D000D6848 /* RAMUsage.m in Sources */,
				700FDC09174E3E54000D6848 /* NetworkInfoController.m in Sources */,
				700FDC0C174E3E61000D6848 /* NetworkInfo.m in Sources */,
				700FDC10174E5D94000D6848 /* NetworkViewController.m in Sources */,
				700FDC1B174E7250000D6848 /* NetworkBandwidth.m in Sources */,
				704528AC174EAD44003DD424 /* GLTube.m in Sources */,
				704528BB174ED3A7003DD424 /* StorageViewController.m in Sources */,
				70FC38E4174F48590085EBC3 /* StorageInfoController.m in Sources */,
				70FC38E7174F48680085EBC3 /* StorageInfo.m in Sources */,
				70FC38F3174F79E00085EBC3 /* BatteryInfoController.m in Sources */,
				70FC38F6174F79F00085EBC3 /* BatteryInfo.m in Sources */,
				70FC38FA174F83530085EBC3 /* BatteryViewController.m in Sources */,
				70ECE27C175058C300B1402A /* GLBubbleEffect.m in Sources */,
				70ECE27F1750596C00B1402A /* GLEffect.m in Sources */,
				70E437101752526F00ED3876 /* DeviceSpecificUI.m in Sources */,
				70340CB81752A810001C1F1A /* ActiveConnection.m in Sources */,
				70C150B817536FFE009BEB11 /* ConnectionViewController.m in Sources */,
				70C150BD1753739A009BEB11 /* ConnectionCell.m in Sources */,
				70C150CA1753B7D0009BEB11 /* ConnectionSectionView.m in Sources */,
			);
			runOnlyForDeploymentPostprocessing = 0;
		};
		703D2307173818EC0001E3B3 /* Sources */ = {
			isa = PBXSourcesBuildPhase;
			buildActionMask = 2147483647;
			files = (
				70C2E9231739BAA8008CB1B1 /* AMUtils_Tests.m in Sources */,
			);
			runOnlyForDeploymentPostprocessing = 0;
		};
/* End PBXSourcesBuildPhase section */

/* Begin PBXTargetDependency section */
		703D2312173818EC0001E3B3 /* PBXTargetDependency */ = {
			isa = PBXTargetDependency;
			target = 703D22D7173818EC0001E3B3 /* ActivityMonitor++ */;
			targetProxy = 703D2311173818EC0001E3B3 /* PBXContainerItemProxy */;
		};
/* End PBXTargetDependency section */

/* Begin PBXVariantGroup section */
		703D22E4173818EC0001E3B3 /* InfoPlist.strings */ = {
			isa = PBXVariantGroup;
			children = (
				703D22E5173818EC0001E3B3 /* en */,
			);
			name = InfoPlist.strings;
			sourceTree = "<group>";
		};
		703D22F3173818EC0001E3B3 /* MainStoryboard_iPhone.storyboard */ = {
			isa = PBXVariantGroup;
			children = (
				703D22F4173818EC0001E3B3 /* en */,
			);
			name = MainStoryboard_iPhone.storyboard;
			sourceTree = "<group>";
		};
		703D22F6173818EC0001E3B3 /* MainStoryboard_iPad.storyboard */ = {
			isa = PBXVariantGroup;
			children = (
				703D22F7173818EC0001E3B3 /* en */,
			);
			name = MainStoryboard_iPad.storyboard;
			sourceTree = "<group>";
		};
		703D2316173818EC0001E3B3 /* InfoPlist.strings */ = {
			isa = PBXVariantGroup;
			children = (
				703D2317173818EC0001E3B3 /* en */,
			);
			name = InfoPlist.strings;
			sourceTree = "<group>";
		};
/* End PBXVariantGroup section */

/* Begin XCBuildConfiguration section */
		703D231C173818EC0001E3B3 /* Debug */ = {
			isa = XCBuildConfiguration;
			buildSettings = {
				ALWAYS_SEARCH_USER_PATHS = NO;
				CLANG_CXX_LANGUAGE_STANDARD = "gnu++0x";
				CLANG_CXX_LIBRARY = "libc++";
				CLANG_ENABLE_OBJC_ARC = YES;
				CLANG_WARN_CONSTANT_CONVERSION = YES;
				CLANG_WARN_EMPTY_BODY = YES;
				CLANG_WARN_ENUM_CONVERSION = YES;
				CLANG_WARN_INT_CONVERSION = YES;
				CLANG_WARN__DUPLICATE_METHOD_MATCH = YES;
				CODE_SIGN_IDENTITY = "iPhone Developer";
				"CODE_SIGN_IDENTITY[sdk=iphoneos*]" = "iPhone Developer";
				COPY_PHASE_STRIP = NO;
				GCC_C_LANGUAGE_STANDARD = gnu99;
				GCC_DYNAMIC_NO_PIC = NO;
				GCC_OPTIMIZATION_LEVEL = 0;
				GCC_PREPROCESSOR_DEFINITIONS = (
					"DEBUG=1",
					"$(inherited)",
				);
				GCC_SYMBOLS_PRIVATE_EXTERN = NO;
				GCC_WARN_ABOUT_RETURN_TYPE = YES;
				GCC_WARN_UNINITIALIZED_AUTOS = YES;
				GCC_WARN_UNUSED_VARIABLE = YES;
				IPHONEOS_DEPLOYMENT_TARGET = 6.1;
				ONLY_ACTIVE_ARCH = YES;
				PROVISIONING_PROFILE = "";
				SDKROOT = iphoneos;
				TARGETED_DEVICE_FAMILY = "1,2";
			};
			name = Debug;
		};
		703D231D173818EC0001E3B3 /* Release */ = {
			isa = XCBuildConfiguration;
			buildSettings = {
				ALWAYS_SEARCH_USER_PATHS = NO;
				CLANG_CXX_LANGUAGE_STANDARD = "gnu++0x";
				CLANG_CXX_LIBRARY = "libc++";
				CLANG_ENABLE_OBJC_ARC = YES;
				CLANG_WARN_CONSTANT_CONVERSION = YES;
				CLANG_WARN_EMPTY_BODY = YES;
				CLANG_WARN_ENUM_CONVERSION = YES;
				CLANG_WARN_INT_CONVERSION = YES;
				CLANG_WARN__DUPLICATE_METHOD_MATCH = YES;
				CODE_SIGN_IDENTITY = "iPhone Developer";
				"CODE_SIGN_IDENTITY[sdk=iphoneos*]" = "iPhone Developer";
				COPY_PHASE_STRIP = YES;
				GCC_C_LANGUAGE_STANDARD = gnu99;
				GCC_WARN_ABOUT_RETURN_TYPE = YES;
				GCC_WARN_UNINITIALIZED_AUTOS = YES;
				GCC_WARN_UNUSED_VARIABLE = YES;
				IPHONEOS_DEPLOYMENT_TARGET = 6.1;
				OTHER_CFLAGS = "-DNS_BLOCK_ASSERTIONS=1";
				PROVISIONING_PROFILE = "";
				SDKROOT = iphoneos;
				TARGETED_DEVICE_FAMILY = "1,2";
				VALIDATE_PRODUCT = YES;
			};
			name = Release;
		};
		703D231F173818EC0001E3B3 /* Debug */ = {
			isa = XCBuildConfiguration;
			buildSettings = {
				GCC_PRECOMPILE_PREFIX_HEADER = YES;
				GCC_PREFIX_HEADER = "ActivityMonitor++/ActivityMonitor++-Prefix.pch";
				INFOPLIST_FILE = "ActivityMonitor++/ActivityMonitor++-Info.plist";
				LIBRARY_SEARCH_PATHS = (
					"$(inherited)",
					"\"$(SRCROOT)/ActivityMonitor++\"",
				);
				PRODUCT_NAME = "$(TARGET_NAME)";
				WRAPPER_EXTENSION = app;
			};
			name = Debug;
		};
		703D2320173818EC0001E3B3 /* Release */ = {
			isa = XCBuildConfiguration;
			buildSettings = {
				GCC_PRECOMPILE_PREFIX_HEADER = YES;
				GCC_PREFIX_HEADER = "ActivityMonitor++/ActivityMonitor++-Prefix.pch";
				INFOPLIST_FILE = "ActivityMonitor++/ActivityMonitor++-Info.plist";
				LIBRARY_SEARCH_PATHS = (
					"$(inherited)",
					"\"$(SRCROOT)/ActivityMonitor++\"",
				);
				PRODUCT_NAME = "$(TARGET_NAME)";
				WRAPPER_EXTENSION = app;
			};
			name = Release;
		};
		703D2322173818EC0001E3B3 /* Debug */ = {
			isa = XCBuildConfiguration;
			buildSettings = {
				BUNDLE_LOADER = "$(BUILT_PRODUCTS_DIR)/ActivityMonitor++.app/ActivityMonitor++";
				FRAMEWORK_SEARCH_PATHS = (
					"\"$(SDKROOT)/Developer/Library/Frameworks\"",
					"\"$(DEVELOPER_LIBRARY_DIR)/Frameworks\"",
				);
				GCC_PRECOMPILE_PREFIX_HEADER = YES;
				GCC_PREFIX_HEADER = "ActivityMonitor++/ActivityMonitor++-Prefix.pch";
				INFOPLIST_FILE = "ActivityMonitor++Tests/ActivityMonitor++Tests-Info.plist";
				LIBRARY_SEARCH_PATHS = (
					"$(inherited)",
					"\"$(SRCROOT)/ActivityMonitor++\"",
				);
				PRODUCT_NAME = "$(TARGET_NAME)";
				TEST_HOST = "$(BUNDLE_LOADER)";
				WRAPPER_EXTENSION = octest;
			};
			name = Debug;
		};
		703D2323173818EC0001E3B3 /* Release */ = {
			isa = XCBuildConfiguration;
			buildSettings = {
				BUNDLE_LOADER = "$(BUILT_PRODUCTS_DIR)/ActivityMonitor++.app/ActivityMonitor++";
				FRAMEWORK_SEARCH_PATHS = (
					"\"$(SDKROOT)/Developer/Library/Frameworks\"",
					"\"$(DEVELOPER_LIBRARY_DIR)/Frameworks\"",
				);
				GCC_PRECOMPILE_PREFIX_HEADER = YES;
				GCC_PREFIX_HEADER = "ActivityMonitor++/ActivityMonitor++-Prefix.pch";
				INFOPLIST_FILE = "ActivityMonitor++Tests/ActivityMonitor++Tests-Info.plist";
				LIBRARY_SEARCH_PATHS = (
					"$(inherited)",
					"\"$(SRCROOT)/ActivityMonitor++\"",
				);
				PRODUCT_NAME = "$(TARGET_NAME)";
				TEST_HOST = "$(BUNDLE_LOADER)";
				WRAPPER_EXTENSION = octest;
			};
			name = Release;
		};
/* End XCBuildConfiguration section */

/* Begin XCConfigurationList section */
		703D22D3173818EB0001E3B3 /* Build configuration list for PBXProject "ActivityMonitor++" */ = {
			isa = XCConfigurationList;
			buildConfigurations = (
				703D231C173818EC0001E3B3 /* Debug */,
				703D231D173818EC0001E3B3 /* Release */,
			);
			defaultConfigurationIsVisible = 0;
			defaultConfigurationName = Release;
		};
		703D231E173818EC0001E3B3 /* Build configuration list for PBXNativeTarget "ActivityMonitor++" */ = {
			isa = XCConfigurationList;
			buildConfigurations = (
				703D231F173818EC0001E3B3 /* Debug */,
				703D2320173818EC0001E3B3 /* Release */,
			);
			defaultConfigurationIsVisible = 0;
			defaultConfigurationName = Release;
		};
		703D2321173818EC0001E3B3 /* Build configuration list for PBXNativeTarget "ActivityMonitor++Tests" */ = {
			isa = XCConfigurationList;
			buildConfigurations = (
				703D2322173818EC0001E3B3 /* Debug */,
				703D2323173818EC0001E3B3 /* Release */,
			);
			defaultConfigurationIsVisible = 0;
			defaultConfigurationName = Release;
		};
/* End XCConfigurationList section */
	};
	rootObject = 703D22D0173818EB0001E3B3 /* Project object */;
}
