// !$*UTF8*$!
{
	archiveVersion = 1;
	classes = {
	};
	objectVersion = 46;
	objects = {

/* Begin PBXBuildFile section */
		703D22DC173818EC0001E3B3 /* UIKit.framework in Frameworks */ = {isa = PBXBuildFile; fileRef = 703D22DB173818EC0001E3B3 /* UIKit.framework */; };
		703D22DE173818EC0001E3B3 /* Foundation.framework in Frameworks */ = {isa = PBXBuildFile; fileRef = 703D22DD173818EC0001E3B3 /* Foundation.framework */; };
		703D22E0173818EC0001E3B3 /* CoreGraphics.framework in Frameworks */ = {isa = PBXBuildFile; fileRef = 703D22DF173818EC0001E3B3 /* CoreGraphics.framework */; };
		703D22E6173818EC0001E3B3 /* InfoPlist.strings in Resources */ = {isa = PBXBuildFile; fileRef = 703D22E4173818EC0001E3B3 /* InfoPlist.strings */; };
		703D22E8173818EC0001E3B3 /* main.m in Sources */ = {isa = PBXBuildFile; fileRef = 703D22E7173818EC0001E3B3 /* main.m */; };
		703D22EC173818EC0001E3B3 /* AppDelegate.m in Sources */ = {isa = PBXBuildFile; fileRef = 703D22EB173818EC0001E3B3 /* AppDelegate.m */; };
		703D22EE173818EC0001E3B3 /* Default.png in Resources */ = {isa = PBXBuildFile; fileRef = 703D22ED173818EC0001E3B3 /* Default.png */; };
		703D22F0173818EC0001E3B3 /* Default@2x.png in Resources */ = {isa = PBXBuildFile; fileRef = 703D22EF173818EC0001E3B3 /* Default@2x.png */; };
		703D22F2173818EC0001E3B3 /* Default-568h@2x.png in Resources */ = {isa = PBXBuildFile; fileRef = 703D22F1173818EC0001E3B3 /* Default-568h@2x.png */; };
		703D22F5173818EC0001E3B3 /* MainStoryboard_iPhone.storyboard in Resources */ = {isa = PBXBuildFile; fileRef = 703D22F3173818EC0001E3B3 /* MainStoryboard_iPhone.storyboard */; };
		703D22F8173818EC0001E3B3 /* MainStoryboard_iPad.storyboard in Resources */ = {isa = PBXBuildFile; fileRef = 703D22F6173818EC0001E3B3 /* MainStoryboard_iPad.storyboard */; };
		703D230E173818EC0001E3B3 /* SenTestingKit.framework in Frameworks */ = {isa = PBXBuildFile; fileRef = 703D230D173818EC0001E3B3 /* SenTestingKit.framework */; };
		703D230F173818EC0001E3B3 /* UIKit.framework in Frameworks */ = {isa = PBXBuildFile; fileRef = 703D22DB173818EC0001E3B3 /* UIKit.framework */; };
		703D2310173818EC0001E3B3 /* Foundation.framework in Frameworks */ = {isa = PBXBuildFile; fileRef = 703D22DD173818EC0001E3B3 /* Foundation.framework */; };
		703D2318173818EC0001E3B3 /* InfoPlist.strings in Resources */ = {isa = PBXBuildFile; fileRef = 703D2316173818EC0001E3B3 /* InfoPlist.strings */; };
		703D232A17382AE10001E3B3 /* background@2x.png in Resources */ = {isa = PBXBuildFile; fileRef = 703D232917382AE10001E3B3 /* background@2x.png */; };
		703D232C17382F0C0001E3B3 /* CellNoJoins@2x.png in Resources */ = {isa = PBXBuildFile; fileRef = 703D232B17382F0C0001E3B3 /* CellNoJoins@2x.png */; };
		70AF61321739250800EF49E9 /* CPUInfo.m in Sources */ = {isa = PBXBuildFile; fileRef = 70AF61311739250800EF49E9 /* CPUInfo.m */; };
		70AF61351739255700EF49E9 /* CPUInfoController.m in Sources */ = {isa = PBXBuildFile; fileRef = 70AF61341739255700EF49E9 /* CPUInfoController.m */; };
		70AF613A17392CE600EF49E9 /* AMUtils.m in Sources */ = {isa = PBXBuildFile; fileRef = 70AF613917392CE600EF49E9 /* AMUtils.m */; };
		70AF613D173965D500EF49E9 /* RootTableViewController.m in Sources */ = {isa = PBXBuildFile; fileRef = 70AF613C173965D500EF49E9 /* RootTableViewController.m */; };
		70C2E9231739BAA8008CB1B1 /* AMUtils_Tests.m in Sources */ = {isa = PBXBuildFile; fileRef = 70C2E9221739BAA8008CB1B1 /* AMUtils_Tests.m */; };
		70C2E9261739C7B7008CB1B1 /* GeneralViewController.m in Sources */ = {isa = PBXBuildFile; fileRef = 70C2E9251739C7B6008CB1B1 /* GeneralViewController.m */; };
		70C2E9291739C8D2008CB1B1 /* AMDevice.m in Sources */ = {isa = PBXBuildFile; fileRef = 70C2E9281739C8D2008CB1B1 /* AMDevice.m */; };
		70CD01BC1739AB870047E72F /* HardcodedDeviceData.m in Sources */ = {isa = PBXBuildFile; fileRef = 70CD01BB1739AB870047E72F /* HardcodedDeviceData.m */; };
		70D92D5B173AA91300C57DEA /* CPULoad.m in Sources */ = {isa = PBXBuildFile; fileRef = 70D92D5A173AA91300C57DEA /* CPULoad.m */; };
		70D92D61173B299B00C57DEA /* GPUInfoController.m in Sources */ = {isa = PBXBuildFile; fileRef = 70D92D60173B299B00C57DEA /* GPUInfoController.m */; };
		70D92D64173B29AE00C57DEA /* GPUViewController.m in Sources */ = {isa = PBXBuildFile; fileRef = 70D92D63173B29AE00C57DEA /* GPUViewController.m */; };
		70D92D67173B2B4D00C57DEA /* GPUInfo.m in Sources */ = {isa = PBXBuildFile; fileRef = 70D92D66173B2B4D00C57DEA /* GPUInfo.m */; };
		70D92D69173B302600C57DEA /* GLKit.framework in Frameworks */ = {isa = PBXBuildFile; fileRef = 70D92D68173B302600C57DEA /* GLKit.framework */; };
		70D92D6B173B308200C57DEA /* OpenGLES.framework in Frameworks */ = {isa = PBXBuildFile; fileRef = 70D92D6A173B308100C57DEA /* OpenGLES.framework */; };
		70F1F1661739676F007224AD /* FollowingRootCell-88@2x.png in Resources */ = {isa = PBXBuildFile; fileRef = 70F1F1641739676F007224AD /* FollowingRootCell-88@2x.png */; };
		70F1F1671739676F007224AD /* TopRootCell-88@2x.png in Resources */ = {isa = PBXBuildFile; fileRef = 70F1F1651739676F007224AD /* TopRootCell-88@2x.png */; };
		70F1F16D1739712D007224AD /* CPUViewController.m in Sources */ = {isa = PBXBuildFile; fileRef = 70F1F16C1739712C007224AD /* CPUViewController.m */; };
		70F1F17117397CEC007224AD /* DeviceInfo.m in Sources */ = {isa = PBXBuildFile; fileRef = 70F1F17017397CEC007224AD /* DeviceInfo.m */; };
		70F1F17417397CFE007224AD /* DeviceInfoController.m in Sources */ = {isa = PBXBuildFile; fileRef = 70F1F17317397CFE007224AD /* DeviceInfoController.m */; };
		70F1F18617398B6D007224AD /* DDAbstractDatabaseLogger.m in Sources */ = {isa = PBXBuildFile; fileRef = 70F1F17717398B6D007224AD /* DDAbstractDatabaseLogger.m */; };
		70F1F18717398B6D007224AD /* DDASLLogger.m in Sources */ = {isa = PBXBuildFile; fileRef = 70F1F17917398B6D007224AD /* DDASLLogger.m */; };
		70F1F18817398B6D007224AD /* DDFileLogger.m in Sources */ = {isa = PBXBuildFile; fileRef = 70F1F17B17398B6D007224AD /* DDFileLogger.m */; };
		70F1F18917398B6D007224AD /* DDLog.m in Sources */ = {isa = PBXBuildFile; fileRef = 70F1F17D17398B6D007224AD /* DDLog.m */; };
		70F1F18A17398B6D007224AD /* DDTTYLogger.m in Sources */ = {isa = PBXBuildFile; fileRef = 70F1F17F17398B6D007224AD /* DDTTYLogger.m */; };
		70F1F18B17398B6D007224AD /* ContextFilterLogFormatter.m in Sources */ = {isa = PBXBuildFile; fileRef = 70F1F18217398B6D007224AD /* ContextFilterLogFormatter.m */; };
		70F1F18C17398B6D007224AD /* DispatchQueueLogFormatter.m in Sources */ = {isa = PBXBuildFile; fileRef = 70F1F18417398B6D007224AD /* DispatchQueueLogFormatter.m */; };
		70F1F18D17398B6D007224AD /* README.txt in Resources */ = {isa = PBXBuildFile; fileRef = 70F1F18517398B6D007224AD /* README.txt */; };
/* End PBXBuildFile section */

/* Begin PBXContainerItemProxy section */
		703D2311173818EC0001E3B3 /* PBXContainerItemProxy */ = {
			isa = PBXContainerItemProxy;
			containerPortal = 703D22D0173818EB0001E3B3 /* Project object */;
			proxyType = 1;
			remoteGlobalIDString = 703D22D7173818EC0001E3B3;
			remoteInfo = "ActivityMonitor++";
		};
/* End PBXContainerItemProxy section */

/* Begin PBXFileReference section */
		703D22D8173818EC0001E3B3 /* ActivityMonitor++.app */ = {isa = PBXFileReference; explicitFileType = wrapper.application; includeInIndex = 0; path = "ActivityMonitor++.app"; sourceTree = BUILT_PRODUCTS_DIR; };
		703D22DB173818EC0001E3B3 /* UIKit.framework */ = {isa = PBXFileReference; lastKnownFileType = wrapper.framework; name = UIKit.framework; path = System/Library/Frameworks/UIKit.framework; sourceTree = SDKROOT; };
		703D22DD173818EC0001E3B3 /* Foundation.framework */ = {isa = PBXFileReference; lastKnownFileType = wrapper.framework; name = Foundation.framework; path = System/Library/Frameworks/Foundation.framework; sourceTree = SDKROOT; };
		703D22DF173818EC0001E3B3 /* CoreGraphics.framework */ = {isa = PBXFileReference; lastKnownFileType = wrapper.framework; name = CoreGraphics.framework; path = System/Library/Frameworks/CoreGraphics.framework; sourceTree = SDKROOT; };
		703D22E3173818EC0001E3B3 /* ActivityMonitor++-Info.plist */ = {isa = PBXFileReference; lastKnownFileType = text.plist.xml; path = "ActivityMonitor++-Info.plist"; sourceTree = "<group>"; };
		703D22E5173818EC0001E3B3 /* en */ = {isa = PBXFileReference; lastKnownFileType = text.plist.strings; name = en; path = en.lproj/InfoPlist.strings; sourceTree = "<group>"; };
		703D22E7173818EC0001E3B3 /* main.m */ = {isa = PBXFileReference; lastKnownFileType = sourcecode.c.objc; path = main.m; sourceTree = "<group>"; };
		703D22E9173818EC0001E3B3 /* ActivityMonitor++-Prefix.pch */ = {isa = PBXFileReference; lastKnownFileType = sourcecode.c.h; path = "ActivityMonitor++-Prefix.pch"; sourceTree = "<group>"; };
		703D22EA173818EC0001E3B3 /* AppDelegate.h */ = {isa = PBXFileReference; lastKnownFileType = sourcecode.c.h; path = AppDelegate.h; sourceTree = "<group>"; };
		703D22EB173818EC0001E3B3 /* AppDelegate.m */ = {isa = PBXFileReference; lastKnownFileType = sourcecode.c.objc; path = AppDelegate.m; sourceTree = "<group>"; };
		703D22ED173818EC0001E3B3 /* Default.png */ = {isa = PBXFileReference; lastKnownFileType = image.png; path = Default.png; sourceTree = "<group>"; };
		703D22EF173818EC0001E3B3 /* Default@2x.png */ = {isa = PBXFileReference; lastKnownFileType = image.png; path = "Default@2x.png"; sourceTree = "<group>"; };
		703D22F1173818EC0001E3B3 /* Default-568h@2x.png */ = {isa = PBXFileReference; lastKnownFileType = image.png; path = "Default-568h@2x.png"; sourceTree = "<group>"; };
		703D22F4173818EC0001E3B3 /* en */ = {isa = PBXFileReference; lastKnownFileType = file.storyboard; name = en; path = en.lproj/MainStoryboard_iPhone.storyboard; sourceTree = "<group>"; };
		703D22F7173818EC0001E3B3 /* en */ = {isa = PBXFileReference; lastKnownFileType = file.storyboard; name = en; path = en.lproj/MainStoryboard_iPad.storyboard; sourceTree = "<group>"; };
		703D230C173818EC0001E3B3 /* ActivityMonitor++Tests.octest */ = {isa = PBXFileReference; explicitFileType = wrapper.cfbundle; includeInIndex = 0; path = "ActivityMonitor++Tests.octest"; sourceTree = BUILT_PRODUCTS_DIR; };
		703D230D173818EC0001E3B3 /* SenTestingKit.framework */ = {isa = PBXFileReference; lastKnownFileType = wrapper.framework; name = SenTestingKit.framework; path = Library/Frameworks/SenTestingKit.framework; sourceTree = DEVELOPER_DIR; };
		703D2315173818EC0001E3B3 /* ActivityMonitor++Tests-Info.plist */ = {isa = PBXFileReference; lastKnownFileType = text.plist.xml; path = "ActivityMonitor++Tests-Info.plist"; sourceTree = "<group>"; };
		703D2317173818EC0001E3B3 /* en */ = {isa = PBXFileReference; lastKnownFileType = text.plist.strings; name = en; path = en.lproj/InfoPlist.strings; sourceTree = "<group>"; };
		703D232917382AE10001E3B3 /* background@2x.png */ = {isa = PBXFileReference; lastKnownFileType = image.png; path = "background@2x.png"; sourceTree = "<group>"; };
		703D232B17382F0C0001E3B3 /* CellNoJoins@2x.png */ = {isa = PBXFileReference; lastKnownFileType = image.png; path = "CellNoJoins@2x.png"; sourceTree = "<group>"; };
		70AF61301739250800EF49E9 /* CPUInfo.h */ = {isa = PBXFileReference; fileEncoding = 4; lastKnownFileType = sourcecode.c.h; path = CPUInfo.h; sourceTree = "<group>"; };
		70AF61311739250800EF49E9 /* CPUInfo.m */ = {isa = PBXFileReference; fileEncoding = 4; lastKnownFileType = sourcecode.c.objc; path = CPUInfo.m; sourceTree = "<group>"; };
		70AF61331739255700EF49E9 /* CPUInfoController.h */ = {isa = PBXFileReference; fileEncoding = 4; lastKnownFileType = sourcecode.c.h; path = CPUInfoController.h; sourceTree = "<group>"; };
		70AF61341739255700EF49E9 /* CPUInfoController.m */ = {isa = PBXFileReference; fileEncoding = 4; lastKnownFileType = sourcecode.c.objc; path = CPUInfoController.m; sourceTree = "<group>"; };
		70AF613817392CE600EF49E9 /* AMUtils.h */ = {isa = PBXFileReference; fileEncoding = 4; lastKnownFileType = sourcecode.c.h; path = AMUtils.h; sourceTree = "<group>"; };
		70AF613917392CE600EF49E9 /* AMUtils.m */ = {isa = PBXFileReference; fileEncoding = 4; lastKnownFileType = sourcecode.c.objc; path = AMUtils.m; sourceTree = "<group>"; };
		70AF613B173965D400EF49E9 /* RootTableViewController.h */ = {isa = PBXFileReference; fileEncoding = 4; lastKnownFileType = sourcecode.c.h; path = RootTableViewController.h; sourceTree = "<group>"; };
		70AF613C173965D500EF49E9 /* RootTableViewController.m */ = {isa = PBXFileReference; fileEncoding = 4; lastKnownFileType = sourcecode.c.objc; path = RootTableViewController.m; sourceTree = "<group>"; };
		70C2E9211739BAA8008CB1B1 /* AMUtils_Tests.h */ = {isa = PBXFileReference; fileEncoding = 4; lastKnownFileType = sourcecode.c.h; path = AMUtils_Tests.h; sourceTree = "<group>"; };
		70C2E9221739BAA8008CB1B1 /* AMUtils_Tests.m */ = {isa = PBXFileReference; fileEncoding = 4; lastKnownFileType = sourcecode.c.objc; path = AMUtils_Tests.m; sourceTree = "<group>"; };
		70C2E9241739C7B6008CB1B1 /* GeneralViewController.h */ = {isa = PBXFileReference; fileEncoding = 4; lastKnownFileType = sourcecode.c.h; path = GeneralViewController.h; sourceTree = "<group>"; };
		70C2E9251739C7B6008CB1B1 /* GeneralViewController.m */ = {isa = PBXFileReference; fileEncoding = 4; lastKnownFileType = sourcecode.c.objc; path = GeneralViewController.m; sourceTree = "<group>"; };
		70C2E9271739C8D1008CB1B1 /* AMDevice.h */ = {isa = PBXFileReference; fileEncoding = 4; lastKnownFileType = sourcecode.c.h; path = AMDevice.h; sourceTree = "<group>"; };
		70C2E9281739C8D2008CB1B1 /* AMDevice.m */ = {isa = PBXFileReference; fileEncoding = 4; lastKnownFileType = sourcecode.c.objc; path = AMDevice.m; sourceTree = "<group>"; };
		70CD01BA1739AB870047E72F /* HardcodedDeviceData.h */ = {isa = PBXFileReference; fileEncoding = 4; lastKnownFileType = sourcecode.c.h; path = HardcodedDeviceData.h; sourceTree = "<group>"; };
		70CD01BB1739AB870047E72F /* HardcodedDeviceData.m */ = {isa = PBXFileReference; fileEncoding = 4; lastKnownFileType = sourcecode.c.objc; path = HardcodedDeviceData.m; sourceTree = "<group>"; };
		70D92D59173AA91300C57DEA /* CPULoad.h */ = {isa = PBXFileReference; fileEncoding = 4; lastKnownFileType = sourcecode.c.h; path = CPULoad.h; sourceTree = "<group>"; };
		70D92D5A173AA91300C57DEA /* CPULoad.m */ = {isa = PBXFileReference; fileEncoding = 4; lastKnownFileType = sourcecode.c.objc; path = CPULoad.m; sourceTree = "<group>"; };
		70D92D5F173B299B00C57DEA /* GPUInfoController.h */ = {isa = PBXFileReference; fileEncoding = 4; lastKnownFileType = sourcecode.c.h; path = GPUInfoController.h; sourceTree = "<group>"; };
		70D92D60173B299B00C57DEA /* GPUInfoController.m */ = {isa = PBXFileReference; fileEncoding = 4; lastKnownFileType = sourcecode.c.objc; path = GPUInfoController.m; sourceTree = "<group>"; };
		70D92D62173B29AE00C57DEA /* GPUViewController.h */ = {isa = PBXFileReference; fileEncoding = 4; lastKnownFileType = sourcecode.c.h; path = GPUViewController.h; sourceTree = "<group>"; };
		70D92D63173B29AE00C57DEA /* GPUViewController.m */ = {isa = PBXFileReference; fileEncoding = 4; lastKnownFileType = sourcecode.c.objc; path = GPUViewController.m; sourceTree = "<group>"; };
		70D92D65173B2B4D00C57DEA /* GPUInfo.h */ = {isa = PBXFileReference; fileEncoding = 4; lastKnownFileType = sourcecode.c.h; path = GPUInfo.h; sourceTree = "<group>"; };
		70D92D66173B2B4D00C57DEA /* GPUInfo.m */ = {isa = PBXFileReference; fileEncoding = 4; lastKnownFileType = sourcecode.c.objc; path = GPUInfo.m; sourceTree = "<group>"; };
		70D92D68173B302600C57DEA /* GLKit.framework */ = {isa = PBXFileReference; lastKnownFileType = wrapper.framework; name = GLKit.framework; path = System/Library/Frameworks/GLKit.framework; sourceTree = SDKROOT; };
		70D92D6A173B308100C57DEA /* OpenGLES.framework */ = {isa = PBXFileReference; lastKnownFileType = wrapper.framework; name = OpenGLES.framework; path = System/Library/Frameworks/OpenGLES.framework; sourceTree = SDKROOT; };
		70F1F1641739676F007224AD /* FollowingRootCell-88@2x.png */ = {isa = PBXFileReference; lastKnownFileType = image.png; path = "FollowingRootCell-88@2x.png"; sourceTree = "<group>"; };
		70F1F1651739676F007224AD /* TopRootCell-88@2x.png */ = {isa = PBXFileReference; lastKnownFileType = image.png; path = "TopRootCell-88@2x.png"; sourceTree = "<group>"; };
		70F1F16B1739712C007224AD /* CPUViewController.h */ = {isa = PBXFileReference; fileEncoding = 4; lastKnownFileType = sourcecode.c.h; path = CPUViewController.h; sourceTree = "<group>"; };
		70F1F16C1739712C007224AD /* CPUViewController.m */ = {isa = PBXFileReference; fileEncoding = 4; lastKnownFileType = sourcecode.c.objc; path = CPUViewController.m; sourceTree = "<group>"; };
		70F1F16F17397CEC007224AD /* DeviceInfo.h */ = {isa = PBXFileReference; fileEncoding = 4; lastKnownFileType = sourcecode.c.h; path = DeviceInfo.h; sourceTree = "<group>"; };
		70F1F17017397CEC007224AD /* DeviceInfo.m */ = {isa = PBXFileReference; fileEncoding = 4; lastKnownFileType = sourcecode.c.objc; path = DeviceInfo.m; sourceTree = "<group>"; };
		70F1F17217397CFE007224AD /* DeviceInfoController.h */ = {isa = PBXFileReference; fileEncoding = 4; lastKnownFileType = sourcecode.c.h; path = DeviceInfoController.h; sourceTree = "<group>"; };
		70F1F17317397CFE007224AD /* DeviceInfoController.m */ = {isa = PBXFileReference; fileEncoding = 4; lastKnownFileType = sourcecode.c.objc; path = DeviceInfoController.m; sourceTree = "<group>"; };
		70F1F17617398B6D007224AD /* DDAbstractDatabaseLogger.h */ = {isa = PBXFileReference; fileEncoding = 4; lastKnownFileType = sourcecode.c.h; path = DDAbstractDatabaseLogger.h; sourceTree = "<group>"; };
		70F1F17717398B6D007224AD /* DDAbstractDatabaseLogger.m */ = {isa = PBXFileReference; fileEncoding = 4; lastKnownFileType = sourcecode.c.objc; path = DDAbstractDatabaseLogger.m; sourceTree = "<group>"; };
		70F1F17817398B6D007224AD /* DDASLLogger.h */ = {isa = PBXFileReference; fileEncoding = 4; lastKnownFileType = sourcecode.c.h; path = DDASLLogger.h; sourceTree = "<group>"; };
		70F1F17917398B6D007224AD /* DDASLLogger.m */ = {isa = PBXFileReference; fileEncoding = 4; lastKnownFileType = sourcecode.c.objc; path = DDASLLogger.m; sourceTree = "<group>"; };
		70F1F17A17398B6D007224AD /* DDFileLogger.h */ = {isa = PBXFileReference; fileEncoding = 4; lastKnownFileType = sourcecode.c.h; path = DDFileLogger.h; sourceTree = "<group>"; };
		70F1F17B17398B6D007224AD /* DDFileLogger.m */ = {isa = PBXFileReference; fileEncoding = 4; lastKnownFileType = sourcecode.c.objc; path = DDFileLogger.m; sourceTree = "<group>"; };
		70F1F17C17398B6D007224AD /* DDLog.h */ = {isa = PBXFileReference; fileEncoding = 4; lastKnownFileType = sourcecode.c.h; path = DDLog.h; sourceTree = "<group>"; };
		70F1F17D17398B6D007224AD /* DDLog.m */ = {isa = PBXFileReference; fileEncoding = 4; lastKnownFileType = sourcecode.c.objc; path = DDLog.m; sourceTree = "<group>"; };
		70F1F17E17398B6D007224AD /* DDTTYLogger.h */ = {isa = PBXFileReference; fileEncoding = 4; lastKnownFileType = sourcecode.c.h; path = DDTTYLogger.h; sourceTree = "<group>"; };
		70F1F17F17398B6D007224AD /* DDTTYLogger.m */ = {isa = PBXFileReference; fileEncoding = 4; lastKnownFileType = sourcecode.c.objc; path = DDTTYLogger.m; sourceTree = "<group>"; };
		70F1F18117398B6D007224AD /* ContextFilterLogFormatter.h */ = {isa = PBXFileReference; fileEncoding = 4; lastKnownFileType = sourcecode.c.h; path = ContextFilterLogFormatter.h; sourceTree = "<group>"; };
		70F1F18217398B6D007224AD /* ContextFilterLogFormatter.m */ = {isa = PBXFileReference; fileEncoding = 4; lastKnownFileType = sourcecode.c.objc; path = ContextFilterLogFormatter.m; sourceTree = "<group>"; };
		70F1F18317398B6D007224AD /* DispatchQueueLogFormatter.h */ = {isa = PBXFileReference; fileEncoding = 4; lastKnownFileType = sourcecode.c.h; path = DispatchQueueLogFormatter.h; sourceTree = "<group>"; };
		70F1F18417398B6D007224AD /* DispatchQueueLogFormatter.m */ = {isa = PBXFileReference; fileEncoding = 4; lastKnownFileType = sourcecode.c.objc; path = DispatchQueueLogFormatter.m; sourceTree = "<group>"; };
		70F1F18517398B6D007224AD /* README.txt */ = {isa = PBXFileReference; fileEncoding = 4; lastKnownFileType = text; path = README.txt; sourceTree = "<group>"; };
		70F1F18F17398C37007224AD /* AMLog.h */ = {isa = PBXFileReference; lastKnownFileType = sourcecode.c.h; path = AMLog.h; sourceTree = "<group>"; };
/* End PBXFileReference section */

/* Begin PBXFrameworksBuildPhase section */
		703D22D5173818EC0001E3B3 /* Frameworks */ = {
			isa = PBXFrameworksBuildPhase;
			buildActionMask = 2147483647;
			files = (
				70D92D6B173B308200C57DEA /* OpenGLES.framework in Frameworks */,
				70D92D69173B302600C57DEA /* GLKit.framework in Frameworks */,
				703D22DC173818EC0001E3B3 /* UIKit.framework in Frameworks */,
				703D22DE173818EC0001E3B3 /* Foundation.framework in Frameworks */,
				703D22E0173818EC0001E3B3 /* CoreGraphics.framework in Frameworks */,
			);
			runOnlyForDeploymentPostprocessing = 0;
		};
		703D2308173818EC0001E3B3 /* Frameworks */ = {
			isa = PBXFrameworksBuildPhase;
			buildActionMask = 2147483647;
			files = (
				703D230E173818EC0001E3B3 /* SenTestingKit.framework in Frameworks */,
				703D230F173818EC0001E3B3 /* UIKit.framework in Frameworks */,
				703D2310173818EC0001E3B3 /* Foundation.framework in Frameworks */,
			);
			runOnlyForDeploymentPostprocessing = 0;
		};
/* End PBXFrameworksBuildPhase section */

/* Begin PBXGroup section */
		703D22CF173818EB0001E3B3 = {
			isa = PBXGroup;
			children = (
				70F1F18E17398B71007224AD /* Lib */,
				703D22E2173818EC0001E3B3 /* Supporting Files */,
				703D232417381ED80001E3B3 /* Media */,
				703D22E1173818EC0001E3B3 /* Source */,
				703D2313173818EC0001E3B3 /* ActivityMonitor++Tests */,
				703D22DA173818EC0001E3B3 /* Frameworks */,
				703D22D9173818EC0001E3B3 /* Products */,
			);
			sourceTree = "<group>";
		};
		703D22D9173818EC0001E3B3 /* Products */ = {
			isa = PBXGroup;
			children = (
				703D22D8173818EC0001E3B3 /* ActivityMonitor++.app */,
				703D230C173818EC0001E3B3 /* ActivityMonitor++Tests.octest */,
			);
			name = Products;
			sourceTree = "<group>";
		};
		703D22DA173818EC0001E3B3 /* Frameworks */ = {
			isa = PBXGroup;
			children = (
				70D92D6A173B308100C57DEA /* OpenGLES.framework */,
				70D92D68173B302600C57DEA /* GLKit.framework */,
				703D22DB173818EC0001E3B3 /* UIKit.framework */,
				703D22DD173818EC0001E3B3 /* Foundation.framework */,
				703D22DF173818EC0001E3B3 /* CoreGraphics.framework */,
				703D230D173818EC0001E3B3 /* SenTestingKit.framework */,
			);
			name = Frameworks;
			sourceTree = "<group>";
		};
		703D22E1173818EC0001E3B3 /* Source */ = {
			isa = PBXGroup;
			children = (
				70AF612E173924B100EF49E9 /* UI */,
				70AF61361739256400EF49E9 /* CPU */,
				70D92D5C173B21D800C57DEA /* GPU */,
				70F1F16E17397CB7007224AD /* Device */,
				70AF613817392CE600EF49E9 /* AMUtils.h */,
				70AF613917392CE600EF49E9 /* AMUtils.m */,
				70F1F18F17398C37007224AD /* AMLog.h */,
				70C2E9271739C8D1008CB1B1 /* AMDevice.h */,
				70C2E9281739C8D2008CB1B1 /* AMDevice.m */,
				70CD01BA1739AB870047E72F /* HardcodedDeviceData.h */,
				70CD01BB1739AB870047E72F /* HardcodedDeviceData.m */,
				703D22EA173818EC0001E3B3 /* AppDelegate.h */,
				703D22EB173818EC0001E3B3 /* AppDelegate.m */,
			);
			name = Source;
			path = "ActivityMonitor++";
			sourceTree = "<group>";
		};
		703D22E2173818EC0001E3B3 /* Supporting Files */ = {
			isa = PBXGroup;
			children = (
				703D22E3173818EC0001E3B3 /* ActivityMonitor++-Info.plist */,
				703D22E4173818EC0001E3B3 /* InfoPlist.strings */,
				703D22E7173818EC0001E3B3 /* main.m */,
				703D22E9173818EC0001E3B3 /* ActivityMonitor++-Prefix.pch */,
				703D22ED173818EC0001E3B3 /* Default.png */,
				703D22EF173818EC0001E3B3 /* Default@2x.png */,
				703D22F1173818EC0001E3B3 /* Default-568h@2x.png */,
			);
			name = "Supporting Files";
			path = "ActivityMonitor++";
			sourceTree = "<group>";
		};
		703D2313173818EC0001E3B3 /* ActivityMonitor++Tests */ = {
			isa = PBXGroup;
			children = (
				70C2E9211739BAA8008CB1B1 /* AMUtils_Tests.h */,
				70C2E9221739BAA8008CB1B1 /* AMUtils_Tests.m */,
				703D2314173818EC0001E3B3 /* Supporting Files */,
			);
			path = "ActivityMonitor++Tests";
			sourceTree = "<group>";
		};
		703D2314173818EC0001E3B3 /* Supporting Files */ = {
			isa = PBXGroup;
			children = (
				703D2315173818EC0001E3B3 /* ActivityMonitor++Tests-Info.plist */,
				703D2316173818EC0001E3B3 /* InfoPlist.strings */,
			);
			name = "Supporting Files";
			sourceTree = "<group>";
		};
		703D232417381ED80001E3B3 /* Media */ = {
			isa = PBXGroup;
			children = (
				703D232917382AE10001E3B3 /* background@2x.png */,
				703D232B17382F0C0001E3B3 /* CellNoJoins@2x.png */,
				70F1F1641739676F007224AD /* FollowingRootCell-88@2x.png */,
				70F1F1651739676F007224AD /* TopRootCell-88@2x.png */,
			);
			name = Media;
			sourceTree = "<group>";
		};
		70AF612E173924B100EF49E9 /* UI */ = {
			isa = PBXGroup;
			children = (
				703D22F3173818EC0001E3B3 /* MainStoryboard_iPhone.storyboard */,
				703D22F6173818EC0001E3B3 /* MainStoryboard_iPad.storyboard */,
				70AF613B173965D400EF49E9 /* RootTableViewController.h */,
				70AF613C173965D500EF49E9 /* RootTableViewController.m */,
				70C2E9241739C7B6008CB1B1 /* GeneralViewController.h */,
				70C2E9251739C7B6008CB1B1 /* GeneralViewController.m */,
				70F1F16B1739712C007224AD /* CPUViewController.h */,
				70F1F16C1739712C007224AD /* CPUViewController.m */,
				70D92D62173B29AE00C57DEA /* GPUViewController.h */,
				70D92D63173B29AE00C57DEA /* GPUViewController.m */,
			);
			name = UI;
			sourceTree = "<group>";
		};
		70AF61361739256400EF49E9 /* CPU */ = {
			isa = PBXGroup;
			children = (
				70D92D59173AA91300C57DEA /* CPULoad.h */,
				70D92D5A173AA91300C57DEA /* CPULoad.m */,
				70AF61301739250800EF49E9 /* CPUInfo.h */,
				70AF61311739250800EF49E9 /* CPUInfo.m */,
				70AF61331739255700EF49E9 /* CPUInfoController.h */,
				70AF61341739255700EF49E9 /* CPUInfoController.m */,
			);
			name = CPU;
			sourceTree = "<group>";
		};
		70D92D5C173B21D800C57DEA /* GPU */ = {
			isa = PBXGroup;
			children = (
				70D92D65173B2B4D00C57DEA /* GPUInfo.h */,
				70D92D66173B2B4D00C57DEA /* GPUInfo.m */,
				70D92D5F173B299B00C57DEA /* GPUInfoController.h */,
				70D92D60173B299B00C57DEA /* GPUInfoController.m */,
			);
			name = GPU;
			sourceTree = "<group>";
		};
		70F1F16E17397CB7007224AD /* Device */ = {
			isa = PBXGroup;
			children = (
				70F1F16F17397CEC007224AD /* DeviceInfo.h */,
				70F1F17017397CEC007224AD /* DeviceInfo.m */,
				70F1F17217397CFE007224AD /* DeviceInfoController.h */,
				70F1F17317397CFE007224AD /* DeviceInfoController.m */,
			);
			name = Device;
			sourceTree = "<group>";
		};
		70F1F17517398B6D007224AD /* Lumberjack */ = {
			isa = PBXGroup;
			children = (
				70F1F17617398B6D007224AD /* DDAbstractDatabaseLogger.h */,
				70F1F17717398B6D007224AD /* DDAbstractDatabaseLogger.m */,
				70F1F17817398B6D007224AD /* DDASLLogger.h */,
				70F1F17917398B6D007224AD /* DDASLLogger.m */,
				70F1F17A17398B6D007224AD /* DDFileLogger.h */,
				70F1F17B17398B6D007224AD /* DDFileLogger.m */,
				70F1F17C17398B6D007224AD /* DDLog.h */,
				70F1F17D17398B6D007224AD /* DDLog.m */,
				70F1F17E17398B6D007224AD /* DDTTYLogger.h */,
				70F1F17F17398B6D007224AD /* DDTTYLogger.m */,
				70F1F18017398B6D007224AD /* Extensions */,
			);
			name = Lumberjack;
			path = ../Lumberjack;
			sourceTree = "<group>";
		};
		70F1F18017398B6D007224AD /* Extensions */ = {
			isa = PBXGroup;
			children = (
				70F1F18117398B6D007224AD /* ContextFilterLogFormatter.h */,
				70F1F18217398B6D007224AD /* ContextFilterLogFormatter.m */,
				70F1F18317398B6D007224AD /* DispatchQueueLogFormatter.h */,
				70F1F18417398B6D007224AD /* DispatchQueueLogFormatter.m */,
				70F1F18517398B6D007224AD /* README.txt */,
			);
			path = Extensions;
			sourceTree = "<group>";
		};
		70F1F18E17398B71007224AD /* Lib */ = {
			isa = PBXGroup;
			children = (
				70F1F17517398B6D007224AD /* Lumberjack */,
			);
			name = Lib;
			path = "ActivityMonitor++";
			sourceTree = "<group>";
		};
/* End PBXGroup section */

/* Begin PBXNativeTarget section */
		703D22D7173818EC0001E3B3 /* ActivityMonitor++ */ = {
			isa = PBXNativeTarget;
			buildConfigurationList = 703D231E173818EC0001E3B3 /* Build configuration list for PBXNativeTarget "ActivityMonitor++" */;
			buildPhases = (
				703D22D4173818EC0001E3B3 /* Sources */,
				703D22D5173818EC0001E3B3 /* Frameworks */,
				703D22D6173818EC0001E3B3 /* Resources */,
			);
			buildRules = (
			);
			dependencies = (
			);
			name = "ActivityMonitor++";
			productName = "ActivityMonitor++";
			productReference = 703D22D8173818EC0001E3B3 /* ActivityMonitor++.app */;
			productType = "com.apple.product-type.application";
		};
		703D230B173818EC0001E3B3 /* ActivityMonitor++Tests */ = {
			isa = PBXNativeTarget;
			buildConfigurationList = 703D2321173818EC0001E3B3 /* Build configuration list for PBXNativeTarget "ActivityMonitor++Tests" */;
			buildPhases = (
				703D2307173818EC0001E3B3 /* Sources */,
				703D2308173818EC0001E3B3 /* Frameworks */,
				703D2309173818EC0001E3B3 /* Resources */,
				703D230A173818EC0001E3B3 /* ShellScript */,
			);
			buildRules = (
			);
			dependencies = (
				703D2312173818EC0001E3B3 /* PBXTargetDependency */,
			);
			name = "ActivityMonitor++Tests";
			productName = "ActivityMonitor++Tests";
			productReference = 703D230C173818EC0001E3B3 /* ActivityMonitor++Tests.octest */;
			productType = "com.apple.product-type.bundle";
		};
/* End PBXNativeTarget section */

/* Begin PBXProject section */
		703D22D0173818EB0001E3B3 /* Project object */ = {
			isa = PBXProject;
			attributes = {
				LastUpgradeCheck = 0460;
				ORGANIZATIONNAME = st;
			};
			buildConfigurationList = 703D22D3173818EB0001E3B3 /* Build configuration list for PBXProject "ActivityMonitor++" */;
			compatibilityVersion = "Xcode 3.2";
			developmentRegion = English;
			hasScannedForEncodings = 0;
			knownRegions = (
				en,
			);
			mainGroup = 703D22CF173818EB0001E3B3;
			productRefGroup = 703D22D9173818EC0001E3B3 /* Products */;
			projectDirPath = "";
			projectRoot = "";
			targets = (
				703D22D7173818EC0001E3B3 /* ActivityMonitor++ */,
				703D230B173818EC0001E3B3 /* ActivityMonitor++Tests */,
			);
		};
/* End PBXProject section */

/* Begin PBXResourcesBuildPhase section */
		703D22D6173818EC0001E3B3 /* Resources */ = {
			isa = PBXResourcesBuildPhase;
			buildActionMask = 2147483647;
			files = (
				703D22E6173818EC0001E3B3 /* InfoPlist.strings in Resources */,
				703D22EE173818EC0001E3B3 /* Default.png in Resources */,
				703D22F0173818EC0001E3B3 /* Default@2x.png in Resources */,
				703D22F2173818EC0001E3B3 /* Default-568h@2x.png in Resources */,
				703D22F5173818EC0001E3B3 /* MainStoryboard_iPhone.storyboard in Resources */,
				703D22F8173818EC0001E3B3 /* MainStoryboard_iPad.storyboard in Resources */,
				703D232A17382AE10001E3B3 /* background@2x.png in Resources */,
				703D232C17382F0C0001E3B3 /* CellNoJoins@2x.png in Resources */,
				70F1F1661739676F007224AD /* FollowingRootCell-88@2x.png in Resources */,
				70F1F1671739676F007224AD /* TopRootCell-88@2x.png in Resources */,
				70F1F18D17398B6D007224AD /* README.txt in Resources */,
			);
			runOnlyForDeploymentPostprocessing = 0;
		};
		703D2309173818EC0001E3B3 /* Resources */ = {
			isa = PBXResourcesBuildPhase;
			buildActionMask = 2147483647;
			files = (
				703D2318173818EC0001E3B3 /* InfoPlist.strings in Resources */,
			);
			runOnlyForDeploymentPostprocessing = 0;
		};
/* End PBXResourcesBuildPhase section */

/* Begin PBXShellScriptBuildPhase section */
		703D230A173818EC0001E3B3 /* ShellScript */ = {
			isa = PBXShellScriptBuildPhase;
			buildActionMask = 2147483647;
			files = (
			);
			inputPaths = (
			);
			outputPaths = (
			);
			runOnlyForDeploymentPostprocessing = 0;
			shellPath = /bin/sh;
			shellScript = "# Run the unit tests in this test bundle.\n\"${SYSTEM_DEVELOPER_DIR}/Tools/RunUnitTests\"\n";
		};
/* End PBXShellScriptBuildPhase section */

/* Begin PBXSourcesBuildPhase section */
		703D22D4173818EC0001E3B3 /* Sources */ = {
			isa = PBXSourcesBuildPhase;
			buildActionMask = 2147483647;
			files = (
				703D22E8173818EC0001E3B3 /* main.m in Sources */,
				703D22EC173818EC0001E3B3 /* AppDelegate.m in Sources */,
				70AF61321739250800EF49E9 /* CPUInfo.m in Sources */,
				70AF61351739255700EF49E9 /* CPUInfoController.m in Sources */,
				70AF613A17392CE600EF49E9 /* AMUtils.m in Sources */,
				70AF613D173965D500EF49E9 /* RootTableViewController.m in Sources */,
				70F1F16D1739712D007224AD /* CPUViewController.m in Sources */,
				70F1F17117397CEC007224AD /* DeviceInfo.m in Sources */,
				70F1F17417397CFE007224AD /* DeviceInfoController.m in Sources */,
				70F1F18617398B6D007224AD /* DDAbstractDatabaseLogger.m in Sources */,
				70F1F18717398B6D007224AD /* DDASLLogger.m in Sources */,
				70F1F18817398B6D007224AD /* DDFileLogger.m in Sources */,
				70F1F18917398B6D007224AD /* DDLog.m in Sources */,
				70F1F18A17398B6D007224AD /* DDTTYLogger.m in Sources */,
				70F1F18B17398B6D007224AD /* ContextFilterLogFormatter.m in Sources */,
				70F1F18C17398B6D007224AD /* DispatchQueueLogFormatter.m in Sources */,
				70CD01BC1739AB870047E72F /* HardcodedDeviceData.m in Sources */,
				70C2E9261739C7B7008CB1B1 /* GeneralViewController.m in Sources */,
				70C2E9291739C8D2008CB1B1 /* AMDevice.m in Sources */,
				70D92D5B173AA91300C57DEA /* CPULoad.m in Sources */,
				70D92D61173B299B00C57DEA /* GPUInfoController.m in Sources */,
				70D92D64173B29AE00C57DEA /* GPUViewController.m in Sources */,
				70D92D67173B2B4D00C57DEA /* GPUInfo.m in Sources */,
			);
			runOnlyForDeploymentPostprocessing = 0;
		};
		703D2307173818EC0001E3B3 /* Sources */ = {
			isa = PBXSourcesBuildPhase;
			buildActionMask = 2147483647;
			files = (
				70C2E9231739BAA8008CB1B1 /* AMUtils_Tests.m in Sources */,
			);
			runOnlyForDeploymentPostprocessing = 0;
		};
/* End PBXSourcesBuildPhase section */

/* Begin PBXTargetDependency section */
		703D2312173818EC0001E3B3 /* PBXTargetDependency */ = {
			isa = PBXTargetDependency;
			target = 703D22D7173818EC0001E3B3 /* ActivityMonitor++ */;
			targetProxy = 703D2311173818EC0001E3B3 /* PBXContainerItemProxy */;
		};
/* End PBXTargetDependency section */

/* Begin PBXVariantGroup section */
		703D22E4173818EC0001E3B3 /* InfoPlist.strings */ = {
			isa = PBXVariantGroup;
			children = (
				703D22E5173818EC0001E3B3 /* en */,
			);
			name = InfoPlist.strings;
			sourceTree = "<group>";
		};
		703D22F3173818EC0001E3B3 /* MainStoryboard_iPhone.storyboard */ = {
			isa = PBXVariantGroup;
			children = (
				703D22F4173818EC0001E3B3 /* en */,
			);
			name = MainStoryboard_iPhone.storyboard;
			sourceTree = "<group>";
		};
		703D22F6173818EC0001E3B3 /* MainStoryboard_iPad.storyboard */ = {
			isa = PBXVariantGroup;
			children = (
				703D22F7173818EC0001E3B3 /* en */,
			);
			name = MainStoryboard_iPad.storyboard;
			sourceTree = "<group>";
		};
		703D2316173818EC0001E3B3 /* InfoPlist.strings */ = {
			isa = PBXVariantGroup;
			children = (
				703D2317173818EC0001E3B3 /* en */,
			);
			name = InfoPlist.strings;
			sourceTree = "<group>";
		};
/* End PBXVariantGroup section */

/* Begin XCBuildConfiguration section */
		703D231C173818EC0001E3B3 /* Debug */ = {
			isa = XCBuildConfiguration;
			buildSettings = {
				ALWAYS_SEARCH_USER_PATHS = NO;
				CLANG_CXX_LANGUAGE_STANDARD = "gnu++0x";
				CLANG_CXX_LIBRARY = "libc++";
				CLANG_ENABLE_OBJC_ARC = YES;
				CLANG_WARN_CONSTANT_CONVERSION = YES;
				CLANG_WARN_EMPTY_BODY = YES;
				CLANG_WARN_ENUM_CONVERSION = YES;
				CLANG_WARN_INT_CONVERSION = YES;
				CLANG_WARN__DUPLICATE_METHOD_MATCH = YES;
				"CODE_SIGN_IDENTITY[sdk=iphoneos*]" = "iPhone Developer";
				COPY_PHASE_STRIP = NO;
				GCC_C_LANGUAGE_STANDARD = gnu99;
				GCC_DYNAMIC_NO_PIC = NO;
				GCC_OPTIMIZATION_LEVEL = 0;
				GCC_PREPROCESSOR_DEFINITIONS = (
					"DEBUG=1",
					"$(inherited)",
				);
				GCC_SYMBOLS_PRIVATE_EXTERN = NO;
				GCC_WARN_ABOUT_RETURN_TYPE = YES;
				GCC_WARN_UNINITIALIZED_AUTOS = YES;
				GCC_WARN_UNUSED_VARIABLE = YES;
				IPHONEOS_DEPLOYMENT_TARGET = 6.1;
				ONLY_ACTIVE_ARCH = YES;
				SDKROOT = iphoneos;
				TARGETED_DEVICE_FAMILY = "1,2";
			};
			name = Debug;
		};
		703D231D173818EC0001E3B3 /* Release */ = {
			isa = XCBuildConfiguration;
			buildSettings = {
				ALWAYS_SEARCH_USER_PATHS = NO;
				CLANG_CXX_LANGUAGE_STANDARD = "gnu++0x";
				CLANG_CXX_LIBRARY = "libc++";
				CLANG_ENABLE_OBJC_ARC = YES;
				CLANG_WARN_CONSTANT_CONVERSION = YES;
				CLANG_WARN_EMPTY_BODY = YES;
				CLANG_WARN_ENUM_CONVERSION = YES;
				CLANG_WARN_INT_CONVERSION = YES;
				CLANG_WARN__DUPLICATE_METHOD_MATCH = YES;
				"CODE_SIGN_IDENTITY[sdk=iphoneos*]" = "iPhone Developer";
				COPY_PHASE_STRIP = YES;
				GCC_C_LANGUAGE_STANDARD = gnu99;
				GCC_WARN_ABOUT_RETURN_TYPE = YES;
				GCC_WARN_UNINITIALIZED_AUTOS = YES;
				GCC_WARN_UNUSED_VARIABLE = YES;
				IPHONEOS_DEPLOYMENT_TARGET = 6.1;
				OTHER_CFLAGS = "-DNS_BLOCK_ASSERTIONS=1";
				SDKROOT = iphoneos;
				TARGETED_DEVICE_FAMILY = "1,2";
				VALIDATE_PRODUCT = YES;
			};
			name = Release;
		};
		703D231F173818EC0001E3B3 /* Debug */ = {
			isa = XCBuildConfiguration;
			buildSettings = {
				GCC_PRECOMPILE_PREFIX_HEADER = YES;
				GCC_PREFIX_HEADER = "ActivityMonitor++/ActivityMonitor++-Prefix.pch";
				INFOPLIST_FILE = "ActivityMonitor++/ActivityMonitor++-Info.plist";
				PRODUCT_NAME = "$(TARGET_NAME)";
				WRAPPER_EXTENSION = app;
			};
			name = Debug;
		};
		703D2320173818EC0001E3B3 /* Release */ = {
			isa = XCBuildConfiguration;
			buildSettings = {
				GCC_PRECOMPILE_PREFIX_HEADER = YES;
				GCC_PREFIX_HEADER = "ActivityMonitor++/ActivityMonitor++-Prefix.pch";
				INFOPLIST_FILE = "ActivityMonitor++/ActivityMonitor++-Info.plist";
				PRODUCT_NAME = "$(TARGET_NAME)";
				WRAPPER_EXTENSION = app;
			};
			name = Release;
		};
		703D2322173818EC0001E3B3 /* Debug */ = {
			isa = XCBuildConfiguration;
			buildSettings = {
				BUNDLE_LOADER = "$(BUILT_PRODUCTS_DIR)/ActivityMonitor++.app/ActivityMonitor++";
				FRAMEWORK_SEARCH_PATHS = (
					"\"$(SDKROOT)/Developer/Library/Frameworks\"",
					"\"$(DEVELOPER_LIBRARY_DIR)/Frameworks\"",
				);
				GCC_PRECOMPILE_PREFIX_HEADER = YES;
				GCC_PREFIX_HEADER = "ActivityMonitor++/ActivityMonitor++-Prefix.pch";
				INFOPLIST_FILE = "ActivityMonitor++Tests/ActivityMonitor++Tests-Info.plist";
				PRODUCT_NAME = "$(TARGET_NAME)";
				TEST_HOST = "$(BUNDLE_LOADER)";
				WRAPPER_EXTENSION = octest;
			};
			name = Debug;
		};
		703D2323173818EC0001E3B3 /* Release */ = {
			isa = XCBuildConfiguration;
			buildSettings = {
				BUNDLE_LOADER = "$(BUILT_PRODUCTS_DIR)/ActivityMonitor++.app/ActivityMonitor++";
				FRAMEWORK_SEARCH_PATHS = (
					"\"$(SDKROOT)/Developer/Library/Frameworks\"",
					"\"$(DEVELOPER_LIBRARY_DIR)/Frameworks\"",
				);
				GCC_PRECOMPILE_PREFIX_HEADER = YES;
				GCC_PREFIX_HEADER = "ActivityMonitor++/ActivityMonitor++-Prefix.pch";
				INFOPLIST_FILE = "ActivityMonitor++Tests/ActivityMonitor++Tests-Info.plist";
				PRODUCT_NAME = "$(TARGET_NAME)";
				TEST_HOST = "$(BUNDLE_LOADER)";
				WRAPPER_EXTENSION = octest;
			};
			name = Release;
		};
/* End XCBuildConfiguration section */

/* Begin XCConfigurationList section */
		703D22D3173818EB0001E3B3 /* Build configuration list for PBXProject "ActivityMonitor++" */ = {
			isa = XCConfigurationList;
			buildConfigurations = (
				703D231C173818EC0001E3B3 /* Debug */,
				703D231D173818EC0001E3B3 /* Release */,
			);
			defaultConfigurationIsVisible = 0;
			defaultConfigurationName = Release;
		};
		703D231E173818EC0001E3B3 /* Build configuration list for PBXNativeTarget "ActivityMonitor++" */ = {
			isa = XCConfigurationList;
			buildConfigurations = (
				703D231F173818EC0001E3B3 /* Debug */,
				703D2320173818EC0001E3B3 /* Release */,
			);
			defaultConfigurationIsVisible = 0;
			defaultConfigurationName = Release;
		};
		703D2321173818EC0001E3B3 /* Build configuration list for PBXNativeTarget "ActivityMonitor++Tests" */ = {
			isa = XCConfigurationList;
			buildConfigurations = (
				703D2322173818EC0001E3B3 /* Debug */,
				703D2323173818EC0001E3B3 /* Release */,
			);
			defaultConfigurationIsVisible = 0;
			defaultConfigurationName = Release;
		};
/* End XCConfigurationList section */
	};
	rootObject = 703D22D0173818EB0001E3B3 /* Project object */;
}
